{
  "version": 1,
  "dependencies": {
    "net8.0": {
      "NLog": {
        "type": "Direct",
        "requested": "[5.4.0, )",
        "resolved": "5.4.0",
        "contentHash": "LwMcGSW3soF3/SL68rlJN3Eh3ktrAPycC3zZR/07OYBPraZUu0bygEC7kIN10lUQgMXT4s84Fi1chglGdGrQEg=="
      },
      "Ardalis.GuardClauses": {
        "type": "Transitive",
        "resolved": "4.6.0",
        "contentHash": "ckLr6V8tRXHu0kGVlen70sjXkZcbe6ZFknM3UDkeNzY75kXEe4Z5xru5weMU5IEAsuuqMKvVb7ikbUZ7JcHUSQ=="
      },
      "AWSSDK.Core": {
        "type": "Transitive",
        "resolved": "3.7.402.25",
        "contentHash": "NCbho/muk9knZ70dOlKBhIB0WLxKwg/TzElYj5jVBJUEFx/p/lmGhMvTEGof42Xtr1VjJ0FdZDPl4BarRaKHQA=="
      },
      "AWSSDK.SecurityToken": {
        "type": "Transitive",
        "resolved": "3.7.401.68",
        "contentHash": "mtYLPlgG9VHYONevNMIP+ALY99ufbP1+fAuT9C2lCtofY0DIR5SZa+tyGKiVni+mDYJSq66Bdqqa7i/D8USYLA==",
        "dependencies": {
          "AWSSDK.Core": "[3.7.402.25, 4.0.0)"
        }
      },
      "CommunityToolkit.HighPerformance": {
        "type": "Transitive",
        "resolved": "8.3.2",
        "contentHash": "1Os81ua0FmIOtiSgOk5C1KBraQ3SDfxs/7BG4qDagm48nGplr//lAVqLH9I2TLDVqRFdhqTUaEITFA5Ho/Ovkw=="
      },
      "fo-dicom": {
        "type": "Transitive",
        "resolved": "5.2.1",
        "contentHash": "Oa6raonOj/Xm+a1j3O89OlUXJIF55jLAKjCuXKINYJMJ+hJ/9Al1YOxPs1hut8DBKvHbgYtgdRFtqGNS+Qt6Uw==",
        "dependencies": {
          "CommunityToolkit.HighPerformance": "8.3.2",
          "Microsoft.Bcl.AsyncInterfaces": "8.0.0",
          "Microsoft.Bcl.HashCode": "1.1.1",
          "Microsoft.Extensions.DependencyInjection": "6.0.1",
          "Microsoft.Extensions.Logging": "6.0.0",
          "Microsoft.Extensions.Options": "6.0.0",
          "System.Buffers": "4.5.1",
          "System.Text.Encoding.CodePages": "6.0.1",
          "System.Text.Encodings.Web": "8.0.0",
          "System.Text.Json": "8.0.5",
          "System.Threading.Channels": "6.0.0"
        }
      },
      "HL7-dotnetcore": {
        "type": "Transitive",
        "resolved": "2.39.1",
        "contentHash": "xbgykLlAr644SfYY2oxnpYYto+JFYLuUHt00hRTlhpB+5DiFC2oVSVRA+8yyq/lmkjTNidtTbN9nyK0ft4DSfw=="
      },
      "Macross.Json.Extensions": {
        "type": "Transitive",
        "resolved": "3.0.0",
        "contentHash": "AkNshs6dopj8FXsmkkJxvLivN2SyDJQDbjcds5lo9+Y6L4zpcoXdmzXQ3VVN+AIWQr0CTD5A7vkuHGAr2aypZg=="
      },
      "Microsoft.Bcl.AsyncInterfaces": {
        "type": "Transitive",
        "resolved": "8.0.0",
        "contentHash": "3WA9q9yVqJp222P3x1wYIGDAkpjAku0TMUaaQV22g6L67AI0LdOIrVS7Ht2vJfLHGSPVuqN94vIr15qn+HEkHw=="
      },
      "Microsoft.Bcl.HashCode": {
        "type": "Transitive",
        "resolved": "1.1.1",
        "contentHash": "MalY0Y/uM/LjXtHfX/26l2VtN4LDNZ2OE3aumNOHDLsT4fNYy2hiHXI4CXCqKpNUNm7iJ2brrc4J89UdaL56FA=="
      },
      "Microsoft.EntityFrameworkCore.Abstractions": {
        "type": "Transitive",
        "resolved": "8.0.14",
        "contentHash": "Om8/jdWyx9eKFkA1YEgxk13KjGIzA8teLgG7iNFunsI2+MT6UT54Eb4t6oe4NQlIaACj5voUe6szVAQe9GKwDA=="
      },
      "Microsoft.Extensions.Configuration.Abstractions": {
        "type": "Transitive",
        "resolved": "8.0.0",
        "contentHash": "3lE/iLSutpgX1CC0NOW70FJoGARRHbyKmG7dc0klnUZ9Dd9hS6N/POPWhKhMLCEuNN5nXEY5agmlFtH562vqhQ==",
        "dependencies": {
          "Microsoft.Extensions.Primitives": "8.0.0"
        }
      },
      "Microsoft.Extensions.DependencyInjection": {
        "type": "Transitive",
        "resolved": "6.0.1",
        "contentHash": "vWXPg3HJQIpZkENn1KWq8SfbqVujVD7S7vIAyFXXqK5xkf1Vho+vG0bLBCHxU36lD1cLLtmGpfYf0B3MYFi9tQ==",
        "dependencies": {
          "Microsoft.Extensions.DependencyInjection.Abstractions": "6.0.0",
          "System.Runtime.CompilerServices.Unsafe": "6.0.0"
        }
      },
      "Microsoft.Extensions.DependencyInjection.Abstractions": {
        "type": "Transitive",
        "resolved": "8.0.2",
        "contentHash": "3iE7UF7MQkCv1cxzCahz+Y/guQbTqieyxyaWKhrRO91itI9cOKO76OHeQDahqG4MmW5umr3CcCvGmK92lWNlbg=="
      },
      "Microsoft.Extensions.Diagnostics.Abstractions": {
        "type": "Transitive",
        "resolved": "8.0.1",
        "contentHash": "elH2vmwNmsXuKmUeMQ4YW9ldXiF+gSGDgg1vORksob5POnpaI6caj1Hu8zaYbEuibhqCoWg0YRWDazBY3zjBfg==",
        "dependencies": {
          "Microsoft.Extensions.DependencyInjection.Abstractions": "8.0.2",
          "Microsoft.Extensions.Options": "8.0.2"
        }
      },
      "Microsoft.Extensions.Diagnostics.HealthChecks": {
        "type": "Transitive",
        "resolved": "8.0.14",
        "contentHash": "obv82U5+okAtAP8K2Ne027Y8rfvseUPUNZUMVUffRB+Unom8mjzvqL/GzUx7rPj6f9e/hQbGwF5ya5RZq7327Q==",
        "dependencies": {
          "Microsoft.Extensions.Diagnostics.HealthChecks.Abstractions": "8.0.14",
          "Microsoft.Extensions.Hosting.Abstractions": "8.0.1",
          "Microsoft.Extensions.Logging.Abstractions": "8.0.3",
          "Microsoft.Extensions.Options": "8.0.2"
        }
      },
      "Microsoft.Extensions.Diagnostics.HealthChecks.Abstractions": {
        "type": "Transitive",
        "resolved": "8.0.14",
        "contentHash": "se5sdveMiA3PUOWchOZXY/sGA50MrJ/Mg/G6CdQBtyA4MLySNRilVCi23YT90RAwqvI2uQEk5+buxYdpAfuwpA=="
      },
      "Microsoft.Extensions.FileProviders.Abstractions": {
        "type": "Transitive",
        "resolved": "8.0.0",
        "contentHash": "ZbaMlhJlpisjuWbvXr4LdAst/1XxH3vZ6A0BsgTphZ2L4PGuxRLz7Jr/S7mkAAnOn78Vu0fKhEgNF5JO3zfjqQ==",
        "dependencies": {
          "Microsoft.Extensions.Primitives": "8.0.0"
        }
      },
      "Microsoft.Extensions.Hosting.Abstractions": {
        "type": "Transitive",
        "resolved": "8.0.1",
        "contentHash": "nHwq9aPBdBPYXPti6wYEEfgXddfBrYC+CQLn+qISiwQq5tpfaqDZSKOJNxoe9rfQxGf1c+2wC/qWFe1QYJPYqw==",
        "dependencies": {
          "Microsoft.Extensions.Configuration.Abstractions": "8.0.0",
          "Microsoft.Extensions.DependencyInjection.Abstractions": "8.0.2",
          "Microsoft.Extensions.Diagnostics.Abstractions": "8.0.1",
          "Microsoft.Extensions.FileProviders.Abstractions": "8.0.0",
          "Microsoft.Extensions.Logging.Abstractions": "8.0.2"
        }
      },
      "Microsoft.Extensions.Logging": {
        "type": "Transitive",
        "resolved": "6.0.0",
        "contentHash": "eIbyj40QDg1NDz0HBW0S5f3wrLVnKWnDJ/JtZ+yJDFnDj90VoPuoPmFkeaXrtu+0cKm5GRAwoDf+dBWXK0TUdg==",
        "dependencies": {
          "Microsoft.Extensions.DependencyInjection": "6.0.0",
          "Microsoft.Extensions.DependencyInjection.Abstractions": "6.0.0",
          "Microsoft.Extensions.Logging.Abstractions": "6.0.0",
          "Microsoft.Extensions.Options": "6.0.0",
          "System.Diagnostics.DiagnosticSource": "6.0.0"
        }
      },
      "Microsoft.Extensions.Logging.Abstractions": {
        "type": "Transitive",
        "resolved": "8.0.3",
        "contentHash": "dL0QGToTxggRLMYY4ZYX5AMwBb+byQBd/5dMiZE07Nv73o6I5Are3C7eQTh7K2+A4ct0PVISSr7TZANbiNb2yQ==",
        "dependencies": {
          "Microsoft.Extensions.DependencyInjection.Abstractions": "8.0.2"
        }
      },
      "Microsoft.Extensions.Options": {
        "type": "Transitive",
        "resolved": "8.0.2",
        "contentHash": "dWGKvhFybsaZpGmzkGCbNNwBD1rVlWzrZKANLW/CcbFJpCEceMCGzT7zZwHOGBCbwM0SzBuceMj5HN1LKV1QqA==",
        "dependencies": {
          "Microsoft.Extensions.DependencyInjection.Abstractions": "8.0.0",
          "Microsoft.Extensions.Primitives": "8.0.0"
        }
      },
      "Microsoft.Extensions.Primitives": {
        "type": "Transitive",
        "resolved": "8.0.0",
        "contentHash": "bXJEZrW9ny8vjMF1JV253WeLhpEVzFo1lyaZu1vQ4ZxWUlVvknZ/+ftFgVheLubb4eZPSwwxBeqS1JkCOjxd8g=="
      },
      "Monai.Deploy.Messaging": {
        "type": "Transitive",
        "resolved": "2.0.4",
        "contentHash": "eehOa4v9i4uq4QxFFZ2yj5q9/R0euMCMSlKsY/lpHwsInOi63etUA3lEqikdul6PTCyRRYh+ubFqmW03PDFQfg==",
        "dependencies": {
          "Ardalis.GuardClauses": "4.6.0",
          "Microsoft.Extensions.Diagnostics.HealthChecks": "8.0.14",
          "Newtonsoft.Json": "13.0.3",
          "System.IO.Abstractions": "21.3.1"
        }
      },
      "Monai.Deploy.Messaging.RabbitMQ": {
        "type": "Transitive",
        "resolved": "2.0.4",
        "contentHash": "tmEERdnqJq1STVGx30+wVyj7AtvtT8K2j/59lSiZ7k58ZdRku601Gs6k1KZ/sfGeobCjaB4gI7GROxK+lN6gbg==",
        "dependencies": {
          "Monai.Deploy.Messaging": "2.0.4",
          "Polly": "8.5.2",
          "RabbitMQ.Client": "6.8.1"
        }
      },
      "Monai.Deploy.Storage": {
        "type": "Transitive",
        "resolved": "1.0.2",
        "contentHash": "pWhQfV2QzdirCV0J7kDsMpnAKzSUb+uaWeQxgD+BqtFbrlX8RFFrIIDkOfZlMbAhJMuwbTNVqE/ZLtWP4fuSjA==",
        "dependencies": {
          "AWSSDK.SecurityToken": "3.7.401.68",
          "Microsoft.Extensions.Diagnostics.HealthChecks": "8.0.14",
          "Monai.Deploy.Storage.S3Policy": "1.0.2",
          "System.IO.Abstractions": "21.3.1"
        }
      },
      "Monai.Deploy.Storage.S3Policy": {
        "type": "Transitive",
        "resolved": "1.0.2",
        "contentHash": "SDQb0HmTV99ysIT2WfHkUzWPNRtDpnuES358F3wNaQ6VZ6lSCaaSlzJpdsbf1kc0OKjiXntj1D3u63finvlHrw==",
        "dependencies": {
          "Ardalis.GuardClauses": "4.6.0",
          "Newtonsoft.Json": "13.0.3"
        }
      },
      "Newtonsoft.Json": {
        "type": "Transitive",
        "resolved": "13.0.3",
        "contentHash": "HrC5BXdl00IP9zeV+0Z848QWPAoCr9P3bDEZguI+gkLcBKAOxix/tLEAAHC+UvDNPv4a2d18lOReHMOagPa+zQ=="
      },
      "Polly": {
        "type": "Transitive",
        "resolved": "8.5.2",
        "contentHash": "vbXsGgkG86nG+TOwY+SmtrGrRHmHH0DQaxtILx//d3Dz/ocJ8izSNYzdvU2gEtWa/LDD8zJLvD3HdjEkdlvkhg==",
        "dependencies": {
          "Polly.Core": "8.5.2"
        }
      },
      "Polly.Core": {
        "type": "Transitive",
        "resolved": "8.5.2",
        "contentHash": "1MJKdxv4zwDmiWvYvVN24DsrWUfgQ4F83voH8bhbtLMdPuGy8CfTUzsgQhvyrl1a7hrM6f/ydwLVdVUI0xooUw=="
      },
      "RabbitMQ.Client": {
        "type": "Transitive",
        "resolved": "6.8.1",
        "contentHash": "jNsmGgmCNw2S/NzskeN2ijtGywtH4Sk/G6jWUTD5sY9SrC27Xz6BsLIiB8hdsfjeyWCa4j4GvCIGkpE8wrjU1Q==",
        "dependencies": {
          "System.Memory": "4.5.5",
          "System.Threading.Channels": "7.0.0"
        }
      },
      "System.Buffers": {
        "type": "Transitive",
        "resolved": "4.5.1",
        "contentHash": "Rw7ijyl1qqRS0YQD/WycNst8hUUMgrMH4FCn1nNm27M4VxchZ1js3fVjQaANHO5f3sN4isvP4a+Met9Y4YomAg=="
      },
      "System.Diagnostics.DiagnosticSource": {
        "type": "Transitive",
        "resolved": "6.0.0",
        "contentHash": "frQDfv0rl209cKm1lnwTgFPzNigy2EKk1BS3uAvHvlBVKe5cymGyHO+Sj+NLv5VF/AhHsqPIUUwya5oV4CHMUw==",
        "dependencies": {
          "System.Runtime.CompilerServices.Unsafe": "6.0.0"
        }
      },
      "System.IO.Abstractions": {
        "type": "Transitive",
        "resolved": "21.3.1",
        "contentHash": "Gm8HI/AHwoWd1r9IUShekWgAQjJgTM1jmrJHSkxONeuVUQAZdxSKzGYTjReBYgqLvF1Zq1Hcd1qHytrL0HuiBg==",
        "dependencies": {
          "TestableIO.System.IO.Abstractions": "21.3.1",
          "TestableIO.System.IO.Abstractions.Wrappers": "21.3.1"
        }
      },
      "System.Memory": {
        "type": "Transitive",
        "resolved": "4.5.5",
        "contentHash": "XIWiDvKPXaTveaB7HVganDlOCRoj03l+jrwNvcge/t8vhGYKvqV+dMv6G4SAX2NoNmN0wZfVPTAlFwZcZvVOUw=="
      },
      "System.Runtime.CompilerServices.Unsafe": {
        "type": "Transitive",
        "resolved": "6.0.0",
        "contentHash": "/iUeP3tq1S0XdNNoMz5C9twLSrM/TH+qElHkXWaPvuNOt+99G75NrV0OS2EqHx5wMN7popYjpc8oTjC1y16DLg=="
      },
      "System.Text.Encoding.CodePages": {
        "type": "Transitive",
        "resolved": "6.0.1",
        "contentHash": "OV04vEWTSDXzaAJCjylOIdjB7Z7QTYQcz4/ATZSiG8PLkZLsbtaADj0Ydj4FdFnqq4PAwEA7SuILE+6ka4cn6A=="
      },
      "System.Text.Encodings.Web": {
        "type": "Transitive",
        "resolved": "8.0.0",
        "contentHash": "yev/k9GHAEGx2Rg3/tU6MQh4HGBXJs70y7j1LaM1i/ER9po+6nnQ6RRqTJn1E7Xu0fbIFK80Nh5EoODxrbxwBQ=="
      },
      "System.Text.Json": {
        "type": "Transitive",
        "resolved": "8.0.5",
        "contentHash": "0f1B50Ss7rqxXiaBJyzUu9bWFOO2/zSlifZ/UNMdiIpDYe4cY4LQQicP4nirK1OS31I43rn062UIJ1Q9bpmHpg=="
      },
      "System.Threading.Channels": {
        "type": "Transitive",
        "resolved": "7.0.0",
        "contentHash": "qmeeYNROMsONF6ndEZcIQ+VxR4Q/TX/7uIVLJqtwIWL7dDWeh0l1UIqgo4wYyjG//5lUNhwkLDSFl+pAWO6oiA=="
      },
      "TestableIO.System.IO.Abstractions": {
        "type": "Transitive",
        "resolved": "21.3.1",
        "contentHash": "B9USlBOZAiqXss7AI4BH6HVWs+HoHx38OadJjBO0VCzEWgP/u0u52bogmrzDHsyqRv8Yo/xtIMQXgpjLoaAUXw=="
      },
      "TestableIO.System.IO.Abstractions.Wrappers": {
        "type": "Transitive",
        "resolved": "21.3.1",
        "contentHash": "l/xu8G96pntsofFG8vh6BKbVbYWtqYZTpNCcj4jGNwxwSbwY2gvDmkiFmIbWf7lgzPZbopW2FAfaY6m4K/3QJw==",
        "dependencies": {
          "TestableIO.System.IO.Abstractions": "21.3.1"
        }
      },
      "monai.deploy.informaticsgateway.api": {
        "type": "Project",
        "dependencies": {
          "HL7-dotnetcore": "[2.39.1, )",
          "Macross.Json.Extensions": "[3.0.0, )",
          "Microsoft.EntityFrameworkCore.Abstractions": "[8.0.14, )",
          "Monai.Deploy.InformaticsGateway.Common": "[1.0.0, )",
          "Monai.Deploy.Messaging": "[2.0.4, )",
          "Monai.Deploy.Messaging.RabbitMQ": "[2.0.4, )",
          "Monai.Deploy.Storage": "[1.0.2, )",
          "fo-dicom": "[5.2.1, )"
        }
      },
      "monai.deploy.informaticsgateway.common": {
        "type": "Project",
        "dependencies": {
          "Ardalis.GuardClauses": "[4.6.0, )",
          "System.IO.Abstractions": "[21.3.1, )"
        }
      },
      "monai.deploy.informaticsgateway.configuration": {
        "type": "Project",
        "dependencies": {
          "Monai.Deploy.InformaticsGateway.Api": "[0.4.1, )",
          "Monai.Deploy.InformaticsGateway.Common": "[1.0.0, )"
        }
      }
    }
  }
}