{
  "version": 1,
  "dependencies": {
    "net8.0": {
      "Crayon": {
        "type": "Direct",
        "requested": "[2.0.69, )",
        "resolved": "2.0.69",
        "contentHash": "eJHxoMTfhZs1782YUIMafXIDTPcTwAV5I3MNsl2d4Mn61/h3ABPMSzHwzigL/NO7BrCKRoP4gHJuERpLHdSCvg=="
      },
      "Docker.DotNet": {
        "type": "Direct",
        "requested": "[3.125.15, )",
        "resolved": "3.125.15",
        "contentHash": "XN8FKxVv8Mjmwu104/Hl9lM61pLY675s70gzwSj8KR5pwblo8HfWLcCuinh9kYsqujBkMH4HVRCEcRuU6al4BQ==",
        "dependencies": {
          "Newtonsoft.Json": "13.0.1",
          "System.Buffers": "4.5.1",
          "System.Threading.Tasks.Extensions": "4.5.4"
        }
      },
      "Microsoft.Extensions.Http": {
        "type": "Direct",
        "requested": "[8.0.0, )",
        "resolved": "8.0.0",
        "contentHash": "cWz4caHwvx0emoYe7NkHPxII/KkTI8R/LC9qdqJqnKv2poTJ4e2qqPGQqvRoQ5kaSA4FU5IV3qFAuLuOhoqULQ==",
        "dependencies": {
          "Microsoft.Extensions.Configuration.Abstractions": "8.0.0",
          "Microsoft.Extensions.DependencyInjection.Abstractions": "8.0.0",
          "Microsoft.Extensions.Diagnostics": "8.0.0",
          "Microsoft.Extensions.Logging": "8.0.0",
          "Microsoft.Extensions.Logging.Abstractions": "8.0.0",
          "Microsoft.Extensions.Options": "8.0.0"
        }
      },
      "Microsoft.NET.ILLink.Tasks": {
        "type": "Direct",
        "requested": "[8.0.0, )",
        "resolved": "8.0.0",
        "contentHash": "B3etT5XQ2nlWkZGO2m/ytDYrOmSsQG1XNBaM6ZYlX5Ch/tDrMFadr0/mK6gjZwaQc55g+5+WZMw4Cz3m8VEF7g=="
      },
      "System.CommandLine.Hosting": {
        "type": "Direct",
        "requested": "[0.4.0-alpha.22272.1, )",
        "resolved": "0.4.0-alpha.22272.1",
        "contentHash": "x9JhHxBLxlKyCIZADFYC8q16L9yGHdTakrLFjHabwR7Tk0761aTexiGgMTIS744HGuhc8pk9MoLUzsr/TlRfMQ==",
        "dependencies": {
          "Microsoft.Extensions.Hosting": "6.0.0",
          "System.CommandLine": "2.0.0-beta4.22272.1",
          "System.CommandLine.NamingConventionBinder": "2.0.0-beta4.22272.1"
        }
      },
      "System.CommandLine.Rendering": {
        "type": "Direct",
        "requested": "[0.4.0-alpha.22272.1, )",
        "resolved": "0.4.0-alpha.22272.1",
        "contentHash": "PQd7HStYn6RYjc5zuerR41sALm3qFDutzDHISB5DYbExSgll6s8zghfyYFdLioLPWpFxVyMj3L9Ki69jqqum/g==",
        "dependencies": {
          "Microsoft.CSharp": "4.7.0",
          "System.CommandLine": "2.0.0-beta4.22272.1"
        }
      },
      "Ardalis.GuardClauses": {
        "type": "Transitive",
        "resolved": "4.3.0",
        "contentHash": "5KQ6zQDNRduora6L8lGQcRikLNLj0s4XjctGuUX24uBRzHMMKv6BatVDSBWRs96riz7PJj7Efn3yOFhfYXgnWg=="
      },
      "AWSSDK.Core": {
        "type": "Transitive",
        "resolved": "3.7.300.29",
        "contentHash": "BMvjbKNzA7Y1eFbhnRbexaUKZ6FwR/hAdvmPYYYA35kw0Ig5E12shMiCEqtRL1EQYVpAqmLdSPZNxV4hu5Ncng=="
      },
      "AWSSDK.SecurityToken": {
        "type": "Transitive",
        "resolved": "3.7.300.30",
        "contentHash": "hsCHGNTf1UeNEVBrjuFsWQfylcqzrBn27bfidgr0VVCKc82dz/PEFIrSFzXuEOjvRSiO5wji/V7x9bGyf1aJ6A==",
        "dependencies": {
          "AWSSDK.Core": "[3.7.300.29, 4.0.0)"
        }
      },
      "CommunityToolkit.HighPerformance": {
        "type": "Transitive",
        "resolved": "8.2.2",
        "contentHash": "+zIp8d3sbtYaRbM6hqDs4Ui/z34j7DcUmleruZlYLE4CVxXq+MO8XJyIs42vzeTYFX+k0Iq1dEbBUnQ4z/Gnrw=="
      },
      "fo-dicom": {
        "type": "Transitive",
        "resolved": "5.1.2",
        "contentHash": "2lM76Vq+GRdwyY3BQiUJ+V6yxdFiOG4ysLJC7qNTxLsq/1pr5ZTTXiIzWQa+uJ0MuKnzzFogV5+meDflsyjs2g==",
        "dependencies": {
          "CommunityToolkit.HighPerformance": "8.2.2",
          "Microsoft.Bcl.AsyncInterfaces": "6.0.0",
          "Microsoft.Bcl.HashCode": "1.1.1",
          "Microsoft.Extensions.DependencyInjection": "6.0.1",
          "Microsoft.Extensions.Logging": "6.0.0",
          "Microsoft.Extensions.Options": "6.0.0",
          "System.Buffers": "4.5.1",
          "System.Text.Encoding.CodePages": "6.0.0",
          "System.Text.Encodings.Web": "6.0.0",
          "System.Text.Json": "6.0.9",
          "System.Threading.Channels": "6.0.0"
        }
      },
      "HL7-dotnetcore": {
        "type": "Transitive",
        "resolved": "2.36.0",
        "contentHash": "N1HLMeIqYuY+4O69ItgZJoDBnnpNkK5N2pClceTJ2nFJxsP48iCsA4iz3tm43Yszi4r/vaThoc3UoLBfGP3vKw=="
      },
      "Macross.Json.Extensions": {
        "type": "Transitive",
        "resolved": "3.0.0",
        "contentHash": "AkNshs6dopj8FXsmkkJxvLivN2SyDJQDbjcds5lo9+Y6L4zpcoXdmzXQ3VVN+AIWQr0CTD5A7vkuHGAr2aypZg=="
      },
      "Microsoft.Bcl.AsyncInterfaces": {
        "type": "Transitive",
        "resolved": "6.0.0",
        "contentHash": "UcSjPsst+DfAdJGVDsu346FX0ci0ah+lw3WRtn18NUwEqRt70HaOQ7lI72vy3+1LxtqI3T5GWwV39rQSrCzAeg=="
      },
      "Microsoft.Bcl.HashCode": {
        "type": "Transitive",
        "resolved": "1.1.1",
        "contentHash": "MalY0Y/uM/LjXtHfX/26l2VtN4LDNZ2OE3aumNOHDLsT4fNYy2hiHXI4CXCqKpNUNm7iJ2brrc4J89UdaL56FA=="
      },
      "Microsoft.CSharp": {
        "type": "Transitive",
        "resolved": "4.7.0",
        "contentHash": "pTj+D3uJWyN3My70i2Hqo+OXixq3Os2D1nJ2x92FFo6sk8fYS1m1WLNTs0Dc1uPaViH0YvEEwvzddQ7y4rhXmA=="
      },
      "Microsoft.EntityFrameworkCore.Abstractions": {
        "type": "Transitive",
        "resolved": "8.0.0",
        "contentHash": "VR22s3+zoqlVI7xauFKn1znSIFHO8xuILT+noSwS8bZCKcHz0ydkTDQMuaxSa5WBaQrZmwtTz9rmRvJ7X8mSPQ=="
      },
      "Microsoft.Extensions.Configuration": {
        "type": "Transitive",
        "resolved": "8.0.0",
        "contentHash": "0J/9YNXTMWSZP2p2+nvl8p71zpSwokZXZuJW+VjdErkegAnFdO1XlqtA62SJtgVYHdKu3uPxJHcMR/r35HwFBA==",
        "dependencies": {
          "Microsoft.Extensions.Configuration.Abstractions": "8.0.0",
          "Microsoft.Extensions.Primitives": "8.0.0"
        }
      },
      "Microsoft.Extensions.Configuration.Abstractions": {
        "type": "Transitive",
        "resolved": "8.0.0",
        "contentHash": "3lE/iLSutpgX1CC0NOW70FJoGARRHbyKmG7dc0klnUZ9Dd9hS6N/POPWhKhMLCEuNN5nXEY5agmlFtH562vqhQ==",
        "dependencies": {
          "Microsoft.Extensions.Primitives": "8.0.0"
        }
      },
      "Microsoft.Extensions.Configuration.Binder": {
        "type": "Transitive",
        "resolved": "8.0.0",
        "contentHash": "mBMoXLsr5s1y2zOHWmKsE9veDcx8h1x/c3rz4baEdQKTeDcmQAPNbB54Pi/lhFO3K431eEq6PFbMgLaa6PHFfA==",
        "dependencies": {
          "Microsoft.Extensions.Configuration.Abstractions": "8.0.0"
        }
      },
      "Microsoft.Extensions.Configuration.CommandLine": {
        "type": "Transitive",
        "resolved": "6.0.0",
        "contentHash": "3nL1qCkZ1Oxx14ZTzgo4MmlO7tso7F+TtMZAY2jUAtTLyAcDp+EDjk3RqafoKiNaePyPvvlleEcBxh3b2Hzl1g==",
        "dependencies": {
          "Microsoft.Extensions.Configuration": "6.0.0",
          "Microsoft.Extensions.Configuration.Abstractions": "6.0.0"
        }
      },
      "Microsoft.Extensions.Configuration.EnvironmentVariables": {
        "type": "Transitive",
        "resolved": "6.0.0",
        "contentHash": "DjYkzqvhiHCq38LW71PcIxXk6nhtV6VySP9yDcSO0goPl7YCU1VG1f2Wbgy58lkA10pWkjHCblZPUyboCB93ZA==",
        "dependencies": {
          "Microsoft.Extensions.Configuration": "6.0.0",
          "Microsoft.Extensions.Configuration.Abstractions": "6.0.0"
        }
      },
      "Microsoft.Extensions.Configuration.FileExtensions": {
        "type": "Transitive",
        "resolved": "6.0.0",
        "contentHash": "V4Dth2cYMZpw3HhGw9XUDIijpI6gN+22LDt0AhufIgOppCUfpWX4483OmN+dFXRJkJLc8Tv0Q8QK+1ingT2+KQ==",
        "dependencies": {
          "Microsoft.Extensions.Configuration": "6.0.0",
          "Microsoft.Extensions.Configuration.Abstractions": "6.0.0",
          "Microsoft.Extensions.FileProviders.Abstractions": "6.0.0",
          "Microsoft.Extensions.FileProviders.Physical": "6.0.0",
          "Microsoft.Extensions.Primitives": "6.0.0"
        }
      },
      "Microsoft.Extensions.Configuration.Json": {
        "type": "Transitive",
        "resolved": "6.0.0",
        "contentHash": "GJGery6QytCzS/BxJ96klgG9in3uH26KcUBbiVG/coNDXCRq6LGVVlUT4vXq34KPuM+R2av+LeYdX9h4IZOCUg==",
        "dependencies": {
          "Microsoft.Extensions.Configuration": "6.0.0",
          "Microsoft.Extensions.Configuration.Abstractions": "6.0.0",
          "Microsoft.Extensions.Configuration.FileExtensions": "6.0.0",
          "Microsoft.Extensions.FileProviders.Abstractions": "6.0.0",
          "System.Text.Json": "6.0.0"
        }
      },
      "Microsoft.Extensions.Configuration.UserSecrets": {
        "type": "Transitive",
        "resolved": "6.0.0",
        "contentHash": "lB0Hb2V4+RUHy+LjEcqEr4EcV4RWc9EnjAV2GdtWQEdljQX+R4hGREftI7sInU9okP93pDrJiaj6QUJ6ZsslOA==",
        "dependencies": {
          "Microsoft.Extensions.Configuration.Abstractions": "6.0.0",
          "Microsoft.Extensions.Configuration.Json": "6.0.0",
          "Microsoft.Extensions.FileProviders.Abstractions": "6.0.0",
          "Microsoft.Extensions.FileProviders.Physical": "6.0.0"
        }
      },
      "Microsoft.Extensions.DependencyInjection": {
        "type": "Transitive",
        "resolved": "8.0.0",
        "contentHash": "V8S3bsm50ig6JSyrbcJJ8bW2b9QLGouz+G1miK3UTaOWmMtFwNNNzUf4AleyDWUmTrWMLNnFSLEQtxmxgNQnNQ==",
        "dependencies": {
          "Microsoft.Extensions.DependencyInjection.Abstractions": "8.0.0"
        }
      },
      "Microsoft.Extensions.DependencyInjection.Abstractions": {
        "type": "Transitive",
        "resolved": "8.0.0",
        "contentHash": "cjWrLkJXK0rs4zofsK4bSdg+jhDLTaxrkXu4gS6Y7MAlCvRyNNgwY/lJi5RDlQOnSZweHqoyvgvbdvQsRIW+hg=="
      },
      "Microsoft.Extensions.Diagnostics": {
        "type": "Transitive",
        "resolved": "8.0.0",
        "contentHash": "3PZp/YSkIXrF7QK7PfC1bkyRYwqOHpWFad8Qx+4wkuumAeXo1NHaxpS9LboNA9OvNSAu+QOVlXbMyoY+pHSqcw==",
        "dependencies": {
          "Microsoft.Extensions.Configuration": "8.0.0",
          "Microsoft.Extensions.Diagnostics.Abstractions": "8.0.0",
          "Microsoft.Extensions.Options.ConfigurationExtensions": "8.0.0"
        }
      },
      "Microsoft.Extensions.Diagnostics.Abstractions": {
        "type": "Transitive",
        "resolved": "8.0.0",
        "contentHash": "JHYCQG7HmugNYUhOl368g+NMxYE/N/AiclCYRNlgCY9eVyiBkOHMwK4x60RYMxv9EL3+rmj1mqHvdCiPpC+D4Q==",
        "dependencies": {
          "Microsoft.Extensions.DependencyInjection.Abstractions": "8.0.0",
          "Microsoft.Extensions.Options": "8.0.0",
          "System.Diagnostics.DiagnosticSource": "8.0.0"
        }
      },
      "Microsoft.Extensions.Diagnostics.HealthChecks": {
        "type": "Transitive",
        "resolved": "8.0.0",
        "contentHash": "P9SoBuVZhJPpALZmSq72aQEb9ryP67EdquaCZGXGrrcASTNHYdrUhnpgSwIipgM5oVC+dKpRXg5zxobmF9xr5g==",
        "dependencies": {
          "Microsoft.Extensions.Diagnostics.HealthChecks.Abstractions": "8.0.0",
          "Microsoft.Extensions.Hosting.Abstractions": "8.0.0",
          "Microsoft.Extensions.Logging.Abstractions": "8.0.0",
          "Microsoft.Extensions.Options": "8.0.0"
        }
      },
      "Microsoft.Extensions.Diagnostics.HealthChecks.Abstractions": {
        "type": "Transitive",
        "resolved": "8.0.0",
        "contentHash": "AT2qqos3IgI09ok36Qag9T8bb6kHJ3uT9Q5ki6CySybFsK6/9JbvQAgAHf1pVEjST0/N4JaFaCbm40R5edffwg=="
      },
      "Microsoft.Extensions.FileProviders.Abstractions": {
        "type": "Transitive",
        "resolved": "8.0.0",
        "contentHash": "ZbaMlhJlpisjuWbvXr4LdAst/1XxH3vZ6A0BsgTphZ2L4PGuxRLz7Jr/S7mkAAnOn78Vu0fKhEgNF5JO3zfjqQ==",
        "dependencies": {
          "Microsoft.Extensions.Primitives": "8.0.0"
        }
      },
      "Microsoft.Extensions.FileProviders.Physical": {
        "type": "Transitive",
        "resolved": "6.0.0",
        "contentHash": "QvkL7l0nM8udt3gfyu0Vw8bbCXblxaKOl7c2oBfgGy4LCURRaL9XWZX1FWJrQc43oMokVneVxH38iz+bY1sbhg==",
        "dependencies": {
          "Microsoft.Extensions.FileProviders.Abstractions": "6.0.0",
          "Microsoft.Extensions.FileSystemGlobbing": "6.0.0",
          "Microsoft.Extensions.Primitives": "6.0.0"
        }
      },
      "Microsoft.Extensions.FileSystemGlobbing": {
        "type": "Transitive",
        "resolved": "6.0.0",
        "contentHash": "ip8jnL1aPiaPeKINCqaTEbvBFDmVx9dXQEBZ2HOBRXPD1eabGNqP/bKlsIcp7U2lGxiXd5xIhoFcmY8nM4Hdiw=="
      },
      "Microsoft.Extensions.Hosting": {
        "type": "Transitive",
        "resolved": "6.0.0",
        "contentHash": "M8VzD0ni5VarIRT8njnwK4K2WSAo0kZH4Zc3mKcSGkP4CjDZ91T9ZEFmmwhmo4z7x8AFq+tW0WFi9wX+K2cxkQ==",
        "dependencies": {
          "Microsoft.Extensions.Configuration": "6.0.0",
          "Microsoft.Extensions.Configuration.Abstractions": "6.0.0",
          "Microsoft.Extensions.Configuration.Binder": "6.0.0",
          "Microsoft.Extensions.Configuration.CommandLine": "6.0.0",
          "Microsoft.Extensions.Configuration.EnvironmentVariables": "6.0.0",
          "Microsoft.Extensions.Configuration.FileExtensions": "6.0.0",
          "Microsoft.Extensions.Configuration.Json": "6.0.0",
          "Microsoft.Extensions.Configuration.UserSecrets": "6.0.0",
          "Microsoft.Extensions.DependencyInjection": "6.0.0",
          "Microsoft.Extensions.DependencyInjection.Abstractions": "6.0.0",
          "Microsoft.Extensions.FileProviders.Abstractions": "6.0.0",
          "Microsoft.Extensions.FileProviders.Physical": "6.0.0",
          "Microsoft.Extensions.Hosting.Abstractions": "6.0.0",
          "Microsoft.Extensions.Logging": "6.0.0",
          "Microsoft.Extensions.Logging.Abstractions": "6.0.0",
          "Microsoft.Extensions.Logging.Configuration": "6.0.0",
          "Microsoft.Extensions.Logging.Console": "6.0.0",
          "Microsoft.Extensions.Logging.Debug": "6.0.0",
          "Microsoft.Extensions.Logging.EventLog": "6.0.0",
          "Microsoft.Extensions.Logging.EventSource": "6.0.0",
          "Microsoft.Extensions.Options": "6.0.0"
        }
      },
      "Microsoft.Extensions.Hosting.Abstractions": {
        "type": "Transitive",
        "resolved": "8.0.0",
        "contentHash": "AG7HWwVRdCHlaA++1oKDxLsXIBxmDpMPb3VoyOoAghEWnkUvEAdYQUwnV4jJbAaa/nMYNiEh5ByoLauZBEiovg==",
        "dependencies": {
          "Microsoft.Extensions.Configuration.Abstractions": "8.0.0",
          "Microsoft.Extensions.DependencyInjection.Abstractions": "8.0.0",
          "Microsoft.Extensions.Diagnostics.Abstractions": "8.0.0",
          "Microsoft.Extensions.FileProviders.Abstractions": "8.0.0",
          "Microsoft.Extensions.Logging.Abstractions": "8.0.0"
        }
      },
      "Microsoft.Extensions.Logging": {
        "type": "Transitive",
        "resolved": "8.0.0",
        "contentHash": "tvRkov9tAJ3xP51LCv3FJ2zINmv1P8Hi8lhhtcKGqM+ImiTCC84uOPEI4z8Cdq2C3o9e+Aa0Gw0rmrsJD77W+w==",
        "dependencies": {
          "Microsoft.Extensions.DependencyInjection": "8.0.0",
          "Microsoft.Extensions.Logging.Abstractions": "8.0.0",
          "Microsoft.Extensions.Options": "8.0.0"
        }
      },
      "Microsoft.Extensions.Logging.Abstractions": {
        "type": "Transitive",
        "resolved": "8.0.0",
        "contentHash": "arDBqTgFCyS0EvRV7O3MZturChstm50OJ0y9bDJvAcmEPJm0FFpFyjU/JLYyStNGGey081DvnQYlncNX5SJJGA==",
        "dependencies": {
          "Microsoft.Extensions.DependencyInjection.Abstractions": "8.0.0"
        }
      },
      "Microsoft.Extensions.Logging.Configuration": {
        "type": "Transitive",
        "resolved": "6.0.0",
        "contentHash": "ZDskjagmBAbv+K8rYW9VhjPplhbOE63xUD0DiuydZJwt15dRyoqicYklLd86zzeintUc7AptDkHn+YhhYkYo8A==",
        "dependencies": {
          "Microsoft.Extensions.Configuration": "6.0.0",
          "Microsoft.Extensions.Configuration.Abstractions": "6.0.0",
          "Microsoft.Extensions.Configuration.Binder": "6.0.0",
          "Microsoft.Extensions.DependencyInjection.Abstractions": "6.0.0",
          "Microsoft.Extensions.Logging": "6.0.0",
          "Microsoft.Extensions.Logging.Abstractions": "6.0.0",
          "Microsoft.Extensions.Options": "6.0.0",
          "Microsoft.Extensions.Options.ConfigurationExtensions": "6.0.0"
        }
      },
      "Microsoft.Extensions.Logging.Console": {
        "type": "Transitive",
        "resolved": "6.0.0",
        "contentHash": "gsqKzOEdsvq28QiXFxagmn1oRB9GeI5GgYCkoybZtQA0IUb7QPwf1WmN3AwJeNIsadTvIFQCiVK0OVIgKfOBGg==",
        "dependencies": {
          "Microsoft.Extensions.DependencyInjection.Abstractions": "6.0.0",
          "Microsoft.Extensions.Logging": "6.0.0",
          "Microsoft.Extensions.Logging.Abstractions": "6.0.0",
          "Microsoft.Extensions.Logging.Configuration": "6.0.0",
          "Microsoft.Extensions.Options": "6.0.0",
          "System.Text.Json": "6.0.0"
        }
      },
      "Microsoft.Extensions.Logging.Debug": {
        "type": "Transitive",
        "resolved": "6.0.0",
        "contentHash": "M9g/JixseSZATJE9tcMn9uzoD4+DbSglivFqVx8YkRJ7VVPmnvCEbOZ0AAaxsL1EKyI4cz07DXOOJExxNsUOHw==",
        "dependencies": {
          "Microsoft.Extensions.DependencyInjection.Abstractions": "6.0.0",
          "Microsoft.Extensions.Logging": "6.0.0",
          "Microsoft.Extensions.Logging.Abstractions": "6.0.0"
        }
      },
      "Microsoft.Extensions.Logging.EventLog": {
        "type": "Transitive",
        "resolved": "6.0.0",
        "contentHash": "rlo0RxlMd0WtLG3CHI0qOTp6fFn7MvQjlrCjucA31RqmiMFCZkF8CHNbe8O7tbBIyyoLGWB1he9CbaA5iyHthg==",
        "dependencies": {
          "Microsoft.Extensions.DependencyInjection.Abstractions": "6.0.0",
          "Microsoft.Extensions.Logging": "6.0.0",
          "Microsoft.Extensions.Logging.Abstractions": "6.0.0",
          "Microsoft.Extensions.Options": "6.0.0",
          "System.Diagnostics.EventLog": "6.0.0"
        }
      },
      "Microsoft.Extensions.Logging.EventSource": {
        "type": "Transitive",
        "resolved": "6.0.0",
        "contentHash": "BeDyyqt7nkm/nr+Gdk+L8n1tUT/u33VkbXAOesgYSNsxDM9hJ1NOBGoZfj9rCbeD2+9myElI6JOVVFmnzgeWQA==",
        "dependencies": {
          "Microsoft.Extensions.DependencyInjection.Abstractions": "6.0.0",
          "Microsoft.Extensions.Logging": "6.0.0",
          "Microsoft.Extensions.Logging.Abstractions": "6.0.0",
          "Microsoft.Extensions.Options": "6.0.0",
          "Microsoft.Extensions.Primitives": "6.0.0",
          "System.Runtime.CompilerServices.Unsafe": "6.0.0",
          "System.Text.Json": "6.0.0"
        }
      },
      "Microsoft.Extensions.Options": {
        "type": "Transitive",
        "resolved": "8.0.0",
        "contentHash": "JOVOfqpnqlVLUzINQ2fox8evY2SKLYJ3BV8QDe/Jyp21u1T7r45x/R/5QdteURMR5r01GxeJSBBUOCOyaNXA3g==",
        "dependencies": {
          "Microsoft.Extensions.DependencyInjection.Abstractions": "8.0.0",
          "Microsoft.Extensions.Primitives": "8.0.0"
        }
      },
      "Microsoft.Extensions.Options.ConfigurationExtensions": {
        "type": "Transitive",
        "resolved": "8.0.0",
        "contentHash": "0f4DMRqEd50zQh+UyJc+/HiBsZ3vhAQALgdkcQEalSH1L2isdC7Yj54M3cyo5e+BeO5fcBQ7Dxly8XiBBcvRgw==",
        "dependencies": {
          "Microsoft.Extensions.Configuration.Abstractions": "8.0.0",
          "Microsoft.Extensions.Configuration.Binder": "8.0.0",
          "Microsoft.Extensions.DependencyInjection.Abstractions": "8.0.0",
          "Microsoft.Extensions.Options": "8.0.0",
          "Microsoft.Extensions.Primitives": "8.0.0"
        }
      },
      "Microsoft.Extensions.Primitives": {
        "type": "Transitive",
        "resolved": "8.0.0",
        "contentHash": "bXJEZrW9ny8vjMF1JV253WeLhpEVzFo1lyaZu1vQ4ZxWUlVvknZ/+ftFgVheLubb4eZPSwwxBeqS1JkCOjxd8g=="
      },
      "Monai.Deploy.Messaging": {
        "type": "Transitive",
        "resolved": "2.0.0",
        "contentHash": "LcerCeHWDSB3Q1Vw0La9pYvXdNNDu4nGUie2bvVlL8lCkxbVNx+rtDorV5cA8KSKW9GZd/RD6SAsIzcjMXqP6Q==",
        "dependencies": {
          "Ardalis.GuardClauses": "4.3.0",
          "Microsoft.Extensions.Diagnostics.HealthChecks": "8.0.0",
          "Newtonsoft.Json": "13.0.3",
          "System.IO.Abstractions": "20.0.4"
        }
      },
      "Monai.Deploy.Messaging.RabbitMQ": {
        "type": "Transitive",
        "resolved": "2.0.0",
        "contentHash": "J5dXjOBqA59irTcFbfwxIQnLxUXGcMCA/cuk1+TJgscMeb2WTVks3esZmcs3pOY2OIBmOROvBl/6KaL9cYFPmg==",
        "dependencies": {
          "Monai.Deploy.Messaging": "2.0.0",
          "Polly": "8.2.0",
          "RabbitMQ.Client": "6.8.1"
        }
      },
      "Monai.Deploy.Storage": {
        "type": "Transitive",
        "resolved": "1.0.0",
        "contentHash": "YN087swDoJJCj+UgPVWzsraxL730ajg8OJdEahgPvZFe4quFlfhWIGLweVKRNhSvrN/CV87/m+noLJu7jSEaww==",
        "dependencies": {
          "AWSSDK.SecurityToken": "3.7.300.30",
          "Microsoft.Extensions.Diagnostics.HealthChecks": "8.0.0",
          "Monai.Deploy.Storage.S3Policy": "1.0.0",
          "System.IO.Abstractions": "20.0.4"
        }
      },
      "Monai.Deploy.Storage.S3Policy": {
        "type": "Transitive",
        "resolved": "1.0.0",
        "contentHash": "I8My4nZEt1vA2wDvti84CfhK+TnyW60E/50Cb+xyhzdrlqWpWr/Xbwhl1ocELAPDeRsakECK4cikrNYLbpp+pQ==",
        "dependencies": {
          "Ardalis.GuardClauses": "4.3.0",
          "Newtonsoft.Json": "13.0.3"
        }
      },
      "Newtonsoft.Json": {
        "type": "Transitive",
        "resolved": "13.0.3",
        "contentHash": "HrC5BXdl00IP9zeV+0Z848QWPAoCr9P3bDEZguI+gkLcBKAOxix/tLEAAHC+UvDNPv4a2d18lOReHMOagPa+zQ=="
      },
      "Polly": {
        "type": "Transitive",
        "resolved": "8.2.0",
        "contentHash": "KZm8iG29y6Mse7YntYYJSf5fGWuhYLliWgZaG/8NcuXS4gN7SPdtPYpjCxQlHqxvMGubkWVrGp3MvUaI7SkyKA==",
        "dependencies": {
          "Polly.Core": "8.2.0"
        }
      },
      "Polly.Core": {
        "type": "Transitive",
        "resolved": "8.2.0",
        "contentHash": "gnKp3+mxGFmkFs4eHcD9aex0JOF8zS1Y18c2A5ckXXTVqbs6XLcDyLKgSa/mUFqAnH3mn9+uVIM0RhAec/d3kA=="
      },
      "RabbitMQ.Client": {
        "type": "Transitive",
        "resolved": "6.8.1",
        "contentHash": "jNsmGgmCNw2S/NzskeN2ijtGywtH4Sk/G6jWUTD5sY9SrC27Xz6BsLIiB8hdsfjeyWCa4j4GvCIGkpE8wrjU1Q==",
        "dependencies": {
          "System.Memory": "4.5.5",
          "System.Threading.Channels": "7.0.0"
        }
      },
      "System.Buffers": {
        "type": "Transitive",
        "resolved": "4.5.1",
        "contentHash": "Rw7ijyl1qqRS0YQD/WycNst8hUUMgrMH4FCn1nNm27M4VxchZ1js3fVjQaANHO5f3sN4isvP4a+Met9Y4YomAg=="
      },
      "System.CommandLine": {
        "type": "Transitive",
        "resolved": "2.0.0-beta4.22272.1",
        "contentHash": "1uqED/q2H0kKoLJ4+hI2iPSBSEdTuhfCYADeJrAqERmiGQ2NNacYKRNEQ+gFbU4glgVyK8rxI+ZOe1onEtr/Pg=="
      },
      "System.CommandLine.NamingConventionBinder": {
        "type": "Transitive",
        "resolved": "2.0.0-beta4.22272.1",
        "contentHash": "ux2eUA/syF+JtlpMDc/Lsd6PBIBuwjH3AvHnestoh5uD0WKT5b+wkQxDWVCqp9qgVjMBTLNhX19ZYFtenunt9A==",
        "dependencies": {
          "System.CommandLine": "2.0.0-beta4.22272.1"
        }
      },
      "System.Diagnostics.DiagnosticSource": {
        "type": "Transitive",
        "resolved": "8.0.0",
        "contentHash": "c9xLpVz6PL9lp/djOWtk5KPDZq3cSYpmXoJQY524EOtuFl5z9ZtsotpsyrDW40U1DRnQSYvcPKEUV0X//u6gkQ=="
      },
      "System.Diagnostics.EventLog": {
        "type": "Transitive",
        "resolved": "6.0.0",
        "contentHash": "lcyUiXTsETK2ALsZrX+nWuHSIQeazhqPphLfaRxzdGaG93+0kELqpgEHtwWOlQe7+jSFnKwaCAgL4kjeZCQJnw=="
      },
      "System.IO.Abstractions": {
        "type": "Transitive",
        "resolved": "20.0.4",
        "contentHash": "Vv3DffYCM/DEQ7+9Dn7ydq852WSVtdeoLNlztIqaMAl4o6aALyAJQRTQ30d/3D7BVf5pALsGm22HYb4Y6h8xvw==",
        "dependencies": {
          "TestableIO.System.IO.Abstractions": "20.0.4",
          "TestableIO.System.IO.Abstractions.Wrappers": "20.0.4"
        }
      },
      "System.Memory": {
        "type": "Transitive",
        "resolved": "4.5.5",
        "contentHash": "XIWiDvKPXaTveaB7HVganDlOCRoj03l+jrwNvcge/t8vhGYKvqV+dMv6G4SAX2NoNmN0wZfVPTAlFwZcZvVOUw=="
      },
      "System.Runtime.CompilerServices.Unsafe": {
        "type": "Transitive",
        "resolved": "6.0.0",
        "contentHash": "/iUeP3tq1S0XdNNoMz5C9twLSrM/TH+qElHkXWaPvuNOt+99G75NrV0OS2EqHx5wMN7popYjpc8oTjC1y16DLg=="
      },
      "System.Text.Encoding.CodePages": {
        "type": "Transitive",
        "resolved": "6.0.0",
        "contentHash": "ZFCILZuOvtKPauZ/j/swhvw68ZRi9ATCfvGbk1QfydmcXBkIWecWKn/250UH7rahZ5OoDBaiAudJtPvLwzw85A==",
        "dependencies": {
          "System.Runtime.CompilerServices.Unsafe": "6.0.0"
        }
      },
      "System.Text.Encodings.Web": {
        "type": "Transitive",
        "resolved": "6.0.0",
        "contentHash": "Vg8eB5Tawm1IFqj4TVK1czJX89rhFxJo9ELqc/Eiq0eXy13RK00eubyU6TJE6y+GQXjyV5gSfiewDUZjQgSE0w==",
        "dependencies": {
          "System.Runtime.CompilerServices.Unsafe": "6.0.0"
        }
      },
      "System.Text.Json": {
        "type": "Transitive",
        "resolved": "6.0.9",
        "contentHash": "2j16oUgtIzl7Xtk7demG0i/v5aU/ZvULcAnJvPb63U3ZhXJ494UYcxuEj5Fs49i3XDrk5kU/8I+6l9zRCw3cJw==",
        "dependencies": {
          "System.Runtime.CompilerServices.Unsafe": "6.0.0",
          "System.Text.Encodings.Web": "6.0.0"
        }
      },
      "System.Threading.Channels": {
        "type": "Transitive",
        "resolved": "7.0.0",
        "contentHash": "qmeeYNROMsONF6ndEZcIQ+VxR4Q/TX/7uIVLJqtwIWL7dDWeh0l1UIqgo4wYyjG//5lUNhwkLDSFl+pAWO6oiA=="
      },
      "System.Threading.Tasks.Extensions": {
        "type": "Transitive",
        "resolved": "4.5.4",
        "contentHash": "zteT+G8xuGu6mS+mzDzYXbzS7rd3K6Fjb9RiZlYlJPam2/hU7JCBZBVEcywNuR+oZ1ncTvc/cq0faRr3P01OVg=="
      },
      "TestableIO.System.IO.Abstractions": {
        "type": "Transitive",
        "resolved": "20.0.4",
        "contentHash": "zvuE3an8qmEjlz72ZKyW/gBZprR0TMTDxuw77i1OXi5wEagXRhHwP4lOaLvHIXNlwyCAmdmei6iLHsfsZcuUAA=="
      },
      "TestableIO.System.IO.Abstractions.Wrappers": {
        "type": "Transitive",
        "resolved": "20.0.4",
        "contentHash": "LbVaZauZfCkcGmHyPhQ2yiKv5GQqTvMViPYd3NjU1tGxp0N2p7Oc6Q/2trN6ZNIZCr42ujJdYUB63hE4mtsHRQ==",
        "dependencies": {
          "TestableIO.System.IO.Abstractions": "20.0.4"
        }
      },
      "monai.deploy.informaticsgateway.api": {
        "type": "Project",
        "dependencies": {
          "HL7-dotnetcore": "[2.36.0, )",
          "Macross.Json.Extensions": "[3.0.0, )",
          "Microsoft.EntityFrameworkCore.Abstractions": "[8.0.0, )",
          "Monai.Deploy.InformaticsGateway.Common": "[1.0.0, )",
          "Monai.Deploy.Messaging": "[2.0.0, )",
          "Monai.Deploy.Messaging.RabbitMQ": "[2.0.0, )",
          "Monai.Deploy.Storage": "[1.0.0, )",
          "fo-dicom": "[5.1.2, )"
        }
      },
      "monai.deploy.informaticsgateway.client": {
        "type": "Project",
        "dependencies": {
          "Monai.Deploy.InformaticsGateway.Api": "[0.4.1, )",
          "Monai.Deploy.InformaticsGateway.Client.Common": "[1.0.0, )"
        }
      },
      "monai.deploy.informaticsgateway.client.common": {
        "type": "Project",
        "dependencies": {
          "Ardalis.GuardClauses": "[4.3.0, )"
        }
      },
      "monai.deploy.informaticsgateway.common": {
        "type": "Project",
        "dependencies": {
          "Ardalis.GuardClauses": "[4.3.0, )",
          "System.IO.Abstractions": "[20.0.4, )"
        }
      }
    }
  }
}