{
  "version": 1,
  "dependencies": {
    "net6.0": {
      "MongoDB.Driver": {
        "type": "Direct",
        "requested": "[2.21.0, )",
        "resolved": "2.21.0",
        "contentHash": "VxKj1wuhadiXhaXkykCWRgsYOysdaOYJ202hJFz25UjkrqC/tHA8RS4hdS5HYfGWoI//fypBXnxZCkEjXLXdfw==",
        "dependencies": {
          "Microsoft.Extensions.Logging.Abstractions": "2.0.0",
          "MongoDB.Bson": "2.21.0",
          "MongoDB.Driver.Core": "2.21.0",
          "MongoDB.Libmongocrypt": "1.8.0"
        }
      },
      "Polly": {
        "type": "Direct",
        "requested": "[7.2.4, )",
        "resolved": "7.2.4",
        "contentHash": "bw00Ck5sh6ekduDE3mnCo1ohzuad946uslCDEENu3091+6UKnBuKLo4e+yaNcCzXxOZCXWY2gV4a35+K1d4LDA=="
      },
      "Ardalis.GuardClauses": {
        "type": "Transitive",
        "resolved": "4.1.1",
        "contentHash": "+UcJ2s+gf2wMNrwadCaHZV2DMcGgBU1t22A+jm40P4MHQRLy9hcleGy5xdVWd4dXZPa5Vlp4TG5xU2rhoDYrBA=="
      },
      "AWSSDK.Core": {
        "type": "Transitive",
        "resolved": "3.7.200.13",
        "contentHash": "yiUuhTI8w183euRqhXym1DyhnD/1ccxceRoruCfkIoqY3PAaFgFL8pE4iDLDZa7SUW4M4qZnQ5PMlFr1rrl6zw=="
      },
      "AWSSDK.SecurityToken": {
        "type": "Transitive",
        "resolved": "3.7.201.9",
        "contentHash": "yKlTPrvNeDdzkOX82Ydf7MD09Gk3dK74JWZPRWJ3QIxskWVoNTAyLvfVBzbi+/fGnjf8/qKsSzxT7GHLqds37A==",
        "dependencies": {
          "AWSSDK.Core": "[3.7.200.13, 4.0.0)"
        }
      },
      "CommunityToolkit.HighPerformance": {
        "type": "Transitive",
        "resolved": "8.2.0",
        "contentHash": "iKzsPiSnXoQUN5AoApYmdfnLn9osNb+YCLWRr5PFmrDEQVIu7OeOyf4DPvNBvbqbYLZCfvHozPkulyv6zBQsFw=="
      },
      "DnsClient": {
        "type": "Transitive",
        "resolved": "1.6.1",
        "contentHash": "4H/f2uYJOZ+YObZjpY9ABrKZI+JNw3uizp6oMzTXwDw6F+2qIPhpRl/1t68O/6e98+vqNiYGu+lswmwdYUy3gg==",
        "dependencies": {
          "Microsoft.Win32.Registry": "5.0.0"
        }
      },
      "fo-dicom": {
        "type": "Transitive",
        "resolved": "5.1.1",
        "contentHash": "YraR81u9XuTN7l+pt6HzT0KvuhgWVZ9LCuHMH3zgFfAtv4peT1y+nYMSGwF9YqNP+oZnzh0s0PJ+vJMsTDpGIw==",
        "dependencies": {
          "CommunityToolkit.HighPerformance": "8.2.0",
          "Microsoft.Bcl.AsyncInterfaces": "6.0.0",
          "Microsoft.Bcl.HashCode": "1.1.1",
          "Microsoft.Extensions.DependencyInjection": "6.0.1",
          "Microsoft.Extensions.Logging": "6.0.0",
          "Microsoft.Extensions.Options": "6.0.0",
          "System.Buffers": "4.5.1",
          "System.Text.Encoding.CodePages": "6.0.0",
          "System.Text.Encodings.Web": "6.0.0",
          "System.Text.Json": "6.0.7",
          "System.Threading.Channels": "6.0.0"
        }
      },
      "Macross.Json.Extensions": {
        "type": "Transitive",
        "resolved": "3.0.0",
        "contentHash": "AkNshs6dopj8FXsmkkJxvLivN2SyDJQDbjcds5lo9+Y6L4zpcoXdmzXQ3VVN+AIWQr0CTD5A7vkuHGAr2aypZg=="
      },
      "Microsoft.Bcl.AsyncInterfaces": {
        "type": "Transitive",
        "resolved": "6.0.0",
        "contentHash": "UcSjPsst+DfAdJGVDsu346FX0ci0ah+lw3WRtn18NUwEqRt70HaOQ7lI72vy3+1LxtqI3T5GWwV39rQSrCzAeg=="
      },
      "Microsoft.Bcl.HashCode": {
        "type": "Transitive",
        "resolved": "1.1.1",
        "contentHash": "MalY0Y/uM/LjXtHfX/26l2VtN4LDNZ2OE3aumNOHDLsT4fNYy2hiHXI4CXCqKpNUNm7iJ2brrc4J89UdaL56FA=="
      },
      "Microsoft.EntityFrameworkCore.Abstractions": {
        "type": "Transitive",
        "resolved": "6.0.22",
        "contentHash": "3ycEYrtWoa4kv5mUECU2LNBbWiYh345b1uQLvg4pHCEICXoJZ8Sfu/2yGloKiMNgMdDc02gFYCRHxsqQNZpnWA=="
      },
      "Microsoft.Extensions.Configuration.Abstractions": {
        "type": "Transitive",
        "resolved": "6.0.0",
        "contentHash": "qWzV9o+ZRWq+pGm+1dF+R7qTgTYoXvbyowRoBxQJGfqTpqDun2eteerjRQhq5PQ/14S+lqto3Ft4gYaRyl4rdQ==",
        "dependencies": {
          "Microsoft.Extensions.Primitives": "6.0.0"
        }
      },
      "Microsoft.Extensions.DependencyInjection": {
        "type": "Transitive",
        "resolved": "6.0.1",
        "contentHash": "vWXPg3HJQIpZkENn1KWq8SfbqVujVD7S7vIAyFXXqK5xkf1Vho+vG0bLBCHxU36lD1cLLtmGpfYf0B3MYFi9tQ==",
        "dependencies": {
          "Microsoft.Extensions.DependencyInjection.Abstractions": "6.0.0",
          "System.Runtime.CompilerServices.Unsafe": "6.0.0"
        }
      },
      "Microsoft.Extensions.DependencyInjection.Abstractions": {
        "type": "Transitive",
        "resolved": "6.0.0",
        "contentHash": "xlzi2IYREJH3/m6+lUrQlujzX8wDitm4QGnUu6kUXTQAWPuZY8i+ticFJbzfqaetLA6KR/rO6Ew/HuYD+bxifg=="
      },
      "Microsoft.Extensions.Diagnostics.HealthChecks": {
        "type": "Transitive",
        "resolved": "6.0.21",
        "contentHash": "1Qf/tEg6IlzbvCxrc+pZE+ZGrajBdB/+V2+abeAu6lg8wXGHmO8JtnrNqwc5svSbcz3udxinUPyH3vw6ZujKbg==",
        "dependencies": {
          "Microsoft.Extensions.Diagnostics.HealthChecks.Abstractions": "6.0.21",
          "Microsoft.Extensions.Hosting.Abstractions": "6.0.0",
          "Microsoft.Extensions.Logging.Abstractions": "6.0.4",
          "Microsoft.Extensions.Options": "6.0.0"
        }
      },
      "Microsoft.Extensions.Diagnostics.HealthChecks.Abstractions": {
        "type": "Transitive",
        "resolved": "6.0.21",
        "contentHash": "5FSA1euCRtbRqVgTn2ahgCG9Cy29UQXAZMCJLUlrQQaC5rko0+d/aq9SiFGIDP7cvoWUsatrlNdfc6UyOMV5aA=="
      },
      "Microsoft.Extensions.FileProviders.Abstractions": {
        "type": "Transitive",
        "resolved": "6.0.0",
        "contentHash": "0pd4/fho0gC12rQswaGQxbU34jOS1TPS8lZPpkFCH68ppQjHNHYle9iRuHeev1LhrJ94YPvzcRd8UmIuFk23Qw==",
        "dependencies": {
          "Microsoft.Extensions.Primitives": "6.0.0"
        }
      },
      "Microsoft.Extensions.Hosting.Abstractions": {
        "type": "Transitive",
        "resolved": "6.0.0",
        "contentHash": "GcT5l2CYXL6Sa27KCSh0TixsRfADUgth+ojQSD5EkzisZxmGFh7CwzkcYuGwvmXLjr27uWRNrJ2vuuEjMhU05Q==",
        "dependencies": {
          "Microsoft.Extensions.Configuration.Abstractions": "6.0.0",
          "Microsoft.Extensions.DependencyInjection.Abstractions": "6.0.0",
          "Microsoft.Extensions.FileProviders.Abstractions": "6.0.0"
        }
      },
      "Microsoft.Extensions.Logging": {
        "type": "Transitive",
        "resolved": "6.0.0",
        "contentHash": "eIbyj40QDg1NDz0HBW0S5f3wrLVnKWnDJ/JtZ+yJDFnDj90VoPuoPmFkeaXrtu+0cKm5GRAwoDf+dBWXK0TUdg==",
        "dependencies": {
          "Microsoft.Extensions.DependencyInjection": "6.0.0",
          "Microsoft.Extensions.DependencyInjection.Abstractions": "6.0.0",
          "Microsoft.Extensions.Logging.Abstractions": "6.0.0",
          "Microsoft.Extensions.Options": "6.0.0",
          "System.Diagnostics.DiagnosticSource": "6.0.0"
        }
      },
      "Microsoft.Extensions.Logging.Abstractions": {
        "type": "Transitive",
        "resolved": "6.0.4",
        "contentHash": "K14wYgwOfKVELrUh5eBqlC8Wvo9vvhS3ZhIvcswV2uS/ubkTRPSQsN557EZiYUSSoZNxizG+alN4wjtdyLdcyw=="
      },
      "Microsoft.Extensions.Options": {
        "type": "Transitive",
        "resolved": "6.0.0",
        "contentHash": "dzXN0+V1AyjOe2xcJ86Qbo233KHuLEY0njf/P2Kw8SfJU+d45HNS2ctJdnEnrWbM9Ye2eFgaC5Mj9otRMU6IsQ==",
        "dependencies": {
          "Microsoft.Extensions.DependencyInjection.Abstractions": "6.0.0",
          "Microsoft.Extensions.Primitives": "6.0.0"
        }
      },
      "Microsoft.Extensions.Primitives": {
        "type": "Transitive",
        "resolved": "6.0.0",
        "contentHash": "9+PnzmQFfEFNR9J2aDTfJGGupShHjOuGw4VUv+JB044biSHrnmCIMD+mJHmb2H7YryrfBEXDurxQ47gJZdCKNQ==",
        "dependencies": {
          "System.Runtime.CompilerServices.Unsafe": "6.0.0"
        }
      },
      "Microsoft.NETCore.Platforms": {
        "type": "Transitive",
        "resolved": "5.0.0",
        "contentHash": "VyPlqzH2wavqquTcYpkIIAQ6WdenuKoFN0BdYBbCWsclXacSOHNQn66Gt4z5NBqEYW0FAPm5rlvki9ZiCij5xQ=="
      },
      "Microsoft.Win32.Registry": {
        "type": "Transitive",
        "resolved": "5.0.0",
        "contentHash": "dDoKi0PnDz31yAyETfRntsLArTlVAVzUzCIvvEDsDsucrl33Dl8pIJG06ePTJTI3tGpeyHS9Cq7Foc/s4EeKcg==",
        "dependencies": {
          "System.Security.AccessControl": "5.0.0",
          "System.Security.Principal.Windows": "5.0.0"
        }
      },
      "Monai.Deploy.Messaging": {
        "type": "Transitive",
        "resolved": "1.1.0-ai-230-0014",
        "contentHash": "dEDesjzmELbMTqejYB+grvWwqzAdO6rm2KtfaKvk8nnUumP5g387NzC2TxoGZ0CQK1NXPT2Kj0Mf3v6XrrknkQ==",
        "dependencies": {
          "Ardalis.GuardClauses": "4.1.1",
          "Microsoft.Extensions.Diagnostics.HealthChecks": "6.0.21",
          "Newtonsoft.Json": "13.0.3",
          "System.IO.Abstractions": "17.2.3"
        }
      },
      "Monai.Deploy.Storage": {
        "type": "Transitive",
        "resolved": "0.2.18",
        "contentHash": "+1JX7QDgVEMqYA0/M1QMr1gtXRC6lEuhBtLfJXWi6cEgh9kOPE0KiHd1AWI7PxBgBbsEBZaNQSvWqShlwcu6bA==",
        "dependencies": {
          "AWSSDK.SecurityToken": "3.7.201.9",
          "Microsoft.Extensions.Diagnostics.HealthChecks": "6.0.21",
          "Monai.Deploy.Storage.S3Policy": "0.2.18",
          "System.IO.Abstractions": "17.2.3"
        }
      },
      "Monai.Deploy.Storage.S3Policy": {
        "type": "Transitive",
        "resolved": "0.2.18",
        "contentHash": "+b0nDnf4OoajdH2hB02elRC6G+GjlYnxJC+F3dGbUUXGMtPApzs8c8s/EG4fKzihxsVovJtqnJl7atcaPyl12Q==",
        "dependencies": {
          "Ardalis.GuardClauses": "4.1.1",
          "Newtonsoft.Json": "13.0.3"
        }
      },
      "MongoDB.Bson": {
        "type": "Transitive",
        "resolved": "2.21.0",
        "contentHash": "QT+D1I3Jz6r6S6kCgJD1L9dRCLVJCKlkGRkA+tJ7uLpHRmjDNcNKy4D1T+L9gQrjl95lDN9PHdwEytdvCW/jzA==",
        "dependencies": {
          "System.Memory": "4.5.5",
          "System.Runtime.CompilerServices.Unsafe": "5.0.0"
        }
      },
      "MongoDB.Driver.Core": {
        "type": "Transitive",
        "resolved": "2.21.0",
        "contentHash": "Ac44U3bQfinmdH5KNFjTidJe9LKW87SxkXJ3YuIUJQMITEc4083YF1yvjJxaSeYF9er0YgHSmwhHpsZv0Fwplg==",
        "dependencies": {
          "AWSSDK.SecurityToken": "3.7.100.14",
          "DnsClient": "1.6.1",
          "Microsoft.Extensions.Logging.Abstractions": "2.0.0",
          "MongoDB.Bson": "2.21.0",
          "MongoDB.Libmongocrypt": "1.8.0",
          "SharpCompress": "0.30.1",
          "Snappier": "1.0.0",
          "System.Buffers": "4.5.1",
          "ZstdSharp.Port": "0.6.2"
        }
      },
      "MongoDB.Libmongocrypt": {
        "type": "Transitive",
        "resolved": "1.8.0",
        "contentHash": "fgNw8Dxpkq7mpoaAYes8cfnPRzvFIoB8oL9GPXwi3op/rONftl0WAeg4akRLcxfoVuUvuUO2wGoVBr3JzJ7Svw=="
      },
      "Newtonsoft.Json": {
        "type": "Transitive",
        "resolved": "13.0.3",
        "contentHash": "HrC5BXdl00IP9zeV+0Z848QWPAoCr9P3bDEZguI+gkLcBKAOxix/tLEAAHC+UvDNPv4a2d18lOReHMOagPa+zQ=="
      },
      "NLog": {
        "type": "Transitive",
        "resolved": "5.2.4",
        "contentHash": "/qzds1Cp9rQD53La3mlWOmCHsFSbmT9BCb8q6k3eOrbOYDfdf3ZN1hBW7IDImUD6V8BfPfEFBhXGDLOEOQxHgQ=="
      },
      "SharpCompress": {
        "type": "Transitive",
        "resolved": "0.30.1",
        "contentHash": "XqD4TpfyYGa7QTPzaGlMVbcecKnXy4YmYLDWrU+JIj7IuRNl7DH2END+Ll7ekWIY8o3dAMWLFDE1xdhfIWD1nw=="
      },
      "Snappier": {
        "type": "Transitive",
        "resolved": "1.0.0",
        "contentHash": "rFtK2KEI9hIe8gtx3a0YDXdHOpedIf9wYCEYtBEmtlyiWVX3XlCNV03JrmmAi/Cdfn7dxK+k0sjjcLv4fpHnqA=="
      },
      "System.Buffers": {
        "type": "Transitive",
        "resolved": "4.5.1",
        "contentHash": "Rw7ijyl1qqRS0YQD/WycNst8hUUMgrMH4FCn1nNm27M4VxchZ1js3fVjQaANHO5f3sN4isvP4a+Met9Y4YomAg=="
      },
      "System.Diagnostics.DiagnosticSource": {
        "type": "Transitive",
        "resolved": "6.0.0",
        "contentHash": "frQDfv0rl209cKm1lnwTgFPzNigy2EKk1BS3uAvHvlBVKe5cymGyHO+Sj+NLv5VF/AhHsqPIUUwya5oV4CHMUw==",
        "dependencies": {
          "System.Runtime.CompilerServices.Unsafe": "6.0.0"
        }
      },
      "System.IO.Abstractions": {
        "type": "Transitive",
        "resolved": "17.2.3",
        "contentHash": "VcozGeE4SxIo0cnXrDHhbrh/Gb8KQnZ3BvMelvh+iw0PrIKtuuA46U2Xm4e4pgnaWFgT4RdZfTpWl/WPRdw0WQ=="
      },
      "System.Memory": {
        "type": "Transitive",
        "resolved": "4.5.5",
        "contentHash": "XIWiDvKPXaTveaB7HVganDlOCRoj03l+jrwNvcge/t8vhGYKvqV+dMv6G4SAX2NoNmN0wZfVPTAlFwZcZvVOUw=="
      },
      "System.Runtime.CompilerServices.Unsafe": {
        "type": "Transitive",
        "resolved": "6.0.0",
        "contentHash": "/iUeP3tq1S0XdNNoMz5C9twLSrM/TH+qElHkXWaPvuNOt+99G75NrV0OS2EqHx5wMN7popYjpc8oTjC1y16DLg=="
      },
      "System.Security.AccessControl": {
        "type": "Transitive",
        "resolved": "5.0.0",
        "contentHash": "dagJ1mHZO3Ani8GH0PHpPEe/oYO+rVdbQjvjJkBRNQkX4t0r1iaeGn8+/ybkSLEan3/slM0t59SVdHzuHf2jmw==",
        "dependencies": {
          "Microsoft.NETCore.Platforms": "5.0.0",
          "System.Security.Principal.Windows": "5.0.0"
        }
      },
      "System.Security.Principal.Windows": {
        "type": "Transitive",
        "resolved": "5.0.0",
        "contentHash": "t0MGLukB5WAVU9bO3MGzvlGnyJPgUlcwerXn1kzBRjwLKixT96XV0Uza41W49gVd8zEMFu9vQEFlv0IOrytICA=="
      },
      "System.Text.Encoding.CodePages": {
        "type": "Transitive",
        "resolved": "6.0.0",
        "contentHash": "ZFCILZuOvtKPauZ/j/swhvw68ZRi9ATCfvGbk1QfydmcXBkIWecWKn/250UH7rahZ5OoDBaiAudJtPvLwzw85A==",
        "dependencies": {
          "System.Runtime.CompilerServices.Unsafe": "6.0.0"
        }
      },
      "System.Text.Encodings.Web": {
        "type": "Transitive",
        "resolved": "6.0.0",
        "contentHash": "Vg8eB5Tawm1IFqj4TVK1czJX89rhFxJo9ELqc/Eiq0eXy13RK00eubyU6TJE6y+GQXjyV5gSfiewDUZjQgSE0w==",
        "dependencies": {
          "System.Runtime.CompilerServices.Unsafe": "6.0.0"
        }
      },
      "System.Text.Json": {
        "type": "Transitive",
        "resolved": "6.0.7",
        "contentHash": "/Tf/9XjprpHolbcDOrxsKVYy/mUG/FS7aGd9YUgBVEiHeQH4kAE0T1sMbde7q6B5xcrNUsJ5iW7D1RvHudQNqA==",
        "dependencies": {
          "System.Runtime.CompilerServices.Unsafe": "6.0.0",
          "System.Text.Encodings.Web": "6.0.0"
        }
      },
      "System.Threading.Channels": {
        "type": "Transitive",
        "resolved": "6.0.0",
        "contentHash": "TY8/9+tI0mNaUMgntOxxaq2ndTkdXqLSxvPmas7XEqOlv9lQtB7wLjYGd756lOaO7Dvb5r/WXhluM+0Xe87v5Q=="
      },
      "ZstdSharp.Port": {
        "type": "Transitive",
        "resolved": "0.6.2",
        "contentHash": "jPao/LdUNLUz8rn3H1D8W7wQbZsRZM0iayvWI4xGejJg3XJHT56gcmYdgmCGPdJF1UEBqUjucCRrFB+4HbJsbw=="
      },
      "monai.deploy.informaticsgateway.api": {
        "type": "Project",
        "dependencies": {
          "Macross.Json.Extensions": "[3.0.0, )",
          "Microsoft.EntityFrameworkCore.Abstractions": "[6.0.22, )",
          "Monai.Deploy.InformaticsGateway.Common": "[1.0.0, )",
          "Monai.Deploy.Messaging": "[1.1.0-ai-230-0014, )",
          "Monai.Deploy.Storage": "[0.2.18, )",
          "fo-dicom": "[5.1.1, )"
        }
      },
      "monai.deploy.informaticsgateway.common": {
        "type": "Project",
        "dependencies": {
          "Ardalis.GuardClauses": "[4.1.1, )",
          "System.IO.Abstractions": "[17.2.3, )"
        }
      },
      "monai.deploy.informaticsgateway.configuration": {
        "type": "Project",
        "dependencies": {
          "Monai.Deploy.InformaticsGateway.Api": "[0.4.1, )",
          "Monai.Deploy.InformaticsGateway.Common": "[1.0.0, )"
        }
      },
      "monai.deploy.informaticsgateway.database.api": {
        "type": "Project",
        "dependencies": {
          "Monai.Deploy.InformaticsGateway.Api": "[0.4.1, )",
          "Monai.Deploy.InformaticsGateway.Configuration": "[1.0.0, )",
          "NLog": "[5.2.4, )"
        }
      }
    }
  }
}