{
  "version": 1,
  "dependencies": {
    "net8.0": {
      "coverlet.collector": {
        "type": "Direct",
        "requested": "[6.0.2, )",
        "resolved": "6.0.2",
        "contentHash": "bJShQ6uWRTQ100ZeyiMqcFlhP7WJ+bCuabUs885dJiBEzMsJMSFr7BOyeCw4rgvQokteGi5rKQTlkhfQPUXg2A=="
      },
      "Microsoft.NET.Test.Sdk": {
        "type": "Direct",
        "requested": "[17.10.0, )",
        "resolved": "17.10.0",
        "contentHash": "0/2HeACkaHEYU3wc83YlcD2Fi4LMtECJjqrtvw0lPi9DCEa35zSPt1j4fuvM8NagjDqJuh1Ja35WcRtn1Um6/A==",
        "dependencies": {
          "Microsoft.CodeCoverage": "17.10.0",
          "Microsoft.TestPlatform.TestHost": "17.10.0"
        }
      },
      "xunit": {
        "type": "Direct",
        "requested": "[2.8.1, )",
        "resolved": "2.8.1",
        "contentHash": "MLBz2NQp3rtSIoJdjj3DBEr/EeOFlQYF3oCCljat3DY9GQ7yYmtjIAv8Zyfm5BcwYso5sjvIe5scuHaJPVCGIQ==",
        "dependencies": {
          "xunit.analyzers": "1.14.0",
          "xunit.assert": "2.8.1",
          "xunit.core": "[2.8.1]"
        }
      },
      "xunit.runner.visualstudio": {
        "type": "Direct",
        "requested": "[2.8.1, )",
        "resolved": "2.8.1",
        "contentHash": "qBTK0WAcnw65mymIjVDqWUTdqjMyzjwu9e9SF0oGYfYELgbcteDZ4fQLJaXw8mzkvpAD7YdoexBbg8VYQFkWWA=="
      },
      "Ardalis.GuardClauses": {
        "type": "Transitive",
        "resolved": "4.5.0",
        "contentHash": "9ajMCMD3gIWUsVb//ftJFsFm+TDvP3y05dVC1S9ANLP4Bo7V2xbCeQbTVomXR0mTYkX4mX6Lp3SPtdcKag4rZg=="
      },
      "AWSSDK.Core": {
        "type": "Transitive",
        "resolved": "3.7.304.15",
        "contentHash": "XLfl4/wuTDWXH73FjGUx5P6Jf6FNLTlyVwWvQ0b/WyBOtZVJxPlCKUTYDn06VdqcLGg3uPP6FKJqnplKsnMHMw=="
      },
      "AWSSDK.SecurityToken": {
        "type": "Transitive",
        "resolved": "3.7.300.105",
        "contentHash": "axqpqdA4QZvHzEdGDLk5/IpPQsUTIcnVDulz4uyE+UEeYAHpFcp/BNQxmmIU4Gdv0G5KwQWKiaUaZPuLVN0Esg==",
        "dependencies": {
          "AWSSDK.Core": "[3.7.304.15, 4.0.0)"
        }
      },
      "CommunityToolkit.HighPerformance": {
        "type": "Transitive",
        "resolved": "8.2.2",
        "contentHash": "+zIp8d3sbtYaRbM6hqDs4Ui/z34j7DcUmleruZlYLE4CVxXq+MO8XJyIs42vzeTYFX+k0Iq1dEbBUnQ4z/Gnrw=="
      },
      "fo-dicom": {
        "type": "Transitive",
        "resolved": "5.1.2",
        "contentHash": "2lM76Vq+GRdwyY3BQiUJ+V6yxdFiOG4ysLJC7qNTxLsq/1pr5ZTTXiIzWQa+uJ0MuKnzzFogV5+meDflsyjs2g==",
        "dependencies": {
          "CommunityToolkit.HighPerformance": "8.2.2",
          "Microsoft.Bcl.AsyncInterfaces": "6.0.0",
          "Microsoft.Bcl.HashCode": "1.1.1",
          "Microsoft.Extensions.DependencyInjection": "6.0.1",
          "Microsoft.Extensions.Logging": "6.0.0",
          "Microsoft.Extensions.Options": "6.0.0",
          "System.Buffers": "4.5.1",
          "System.Text.Encoding.CodePages": "6.0.0",
          "System.Text.Encodings.Web": "6.0.0",
          "System.Text.Json": "6.0.9",
          "System.Threading.Channels": "6.0.0"
        }
      },
      "HL7-dotnetcore": {
        "type": "Transitive",
        "resolved": "2.36.0",
        "contentHash": "N1HLMeIqYuY+4O69ItgZJoDBnnpNkK5N2pClceTJ2nFJxsP48iCsA4iz3tm43Yszi4r/vaThoc3UoLBfGP3vKw=="
      },
      "Macross.Json.Extensions": {
        "type": "Transitive",
        "resolved": "3.0.0",
        "contentHash": "AkNshs6dopj8FXsmkkJxvLivN2SyDJQDbjcds5lo9+Y6L4zpcoXdmzXQ3VVN+AIWQr0CTD5A7vkuHGAr2aypZg=="
      },
      "Microsoft.Bcl.AsyncInterfaces": {
        "type": "Transitive",
        "resolved": "6.0.0",
        "contentHash": "UcSjPsst+DfAdJGVDsu346FX0ci0ah+lw3WRtn18NUwEqRt70HaOQ7lI72vy3+1LxtqI3T5GWwV39rQSrCzAeg=="
      },
      "Microsoft.Bcl.HashCode": {
        "type": "Transitive",
        "resolved": "1.1.1",
        "contentHash": "MalY0Y/uM/LjXtHfX/26l2VtN4LDNZ2OE3aumNOHDLsT4fNYy2hiHXI4CXCqKpNUNm7iJ2brrc4J89UdaL56FA=="
      },
      "Microsoft.CodeCoverage": {
        "type": "Transitive",
        "resolved": "17.10.0",
        "contentHash": "yC7oSlnR54XO5kOuHlVOKtxomNNN1BWXX8lK1G2jaPXT9sUok7kCOoA4Pgs0qyFaCtMrNsprztYMeoEGqCm4uA=="
      },
      "Microsoft.EntityFrameworkCore.Abstractions": {
        "type": "Transitive",
        "resolved": "8.0.6",
        "contentHash": "X7wSSBNFRuN8j8M9HDYG7rPpEeyhY+PdJZR9rftmgvsZH0eK5+bZ3b3As8iO4rLEpjsBzDnrgSIY6q2F3HQatw=="
      },
      "Microsoft.Extensions.Configuration.Abstractions": {
        "type": "Transitive",
        "resolved": "8.0.0",
        "contentHash": "3lE/iLSutpgX1CC0NOW70FJoGARRHbyKmG7dc0klnUZ9Dd9hS6N/POPWhKhMLCEuNN5nXEY5agmlFtH562vqhQ==",
        "dependencies": {
          "Microsoft.Extensions.Primitives": "8.0.0"
        }
      },
      "Microsoft.Extensions.DependencyInjection": {
        "type": "Transitive",
        "resolved": "6.0.1",
        "contentHash": "vWXPg3HJQIpZkENn1KWq8SfbqVujVD7S7vIAyFXXqK5xkf1Vho+vG0bLBCHxU36lD1cLLtmGpfYf0B3MYFi9tQ==",
        "dependencies": {
          "Microsoft.Extensions.DependencyInjection.Abstractions": "6.0.0",
          "System.Runtime.CompilerServices.Unsafe": "6.0.0"
        }
      },
      "Microsoft.Extensions.DependencyInjection.Abstractions": {
        "type": "Transitive",
        "resolved": "8.0.1",
        "contentHash": "fGLiCRLMYd00JYpClraLjJTNKLmMJPnqxMaiRzEBIIvevlzxz33mXy39Lkd48hu1G+N21S7QpaO5ZzKsI6FRuA=="
      },
      "Microsoft.Extensions.Diagnostics.Abstractions": {
        "type": "Transitive",
        "resolved": "8.0.0",
        "contentHash": "JHYCQG7HmugNYUhOl368g+NMxYE/N/AiclCYRNlgCY9eVyiBkOHMwK4x60RYMxv9EL3+rmj1mqHvdCiPpC+D4Q==",
        "dependencies": {
          "Microsoft.Extensions.DependencyInjection.Abstractions": "8.0.0",
          "Microsoft.Extensions.Options": "8.0.0",
          "System.Diagnostics.DiagnosticSource": "8.0.0"
        }
      },
      "Microsoft.Extensions.Diagnostics.HealthChecks": {
        "type": "Transitive",
        "resolved": "8.0.6",
        "contentHash": "Wtylr3ucMUQ+/6x5ngRtBQ0D0TVloWE3hbwUEhwE16OZHB66uqAEVnEvcAXxW2IFuVAuEHMXX5GebfkbSZQSTw==",
        "dependencies": {
          "Microsoft.Extensions.Diagnostics.HealthChecks.Abstractions": "8.0.6",
          "Microsoft.Extensions.Hosting.Abstractions": "8.0.0",
          "Microsoft.Extensions.Logging.Abstractions": "8.0.1",
          "Microsoft.Extensions.Options": "8.0.2"
        }
      },
      "Microsoft.Extensions.Diagnostics.HealthChecks.Abstractions": {
        "type": "Transitive",
        "resolved": "8.0.6",
        "contentHash": "GiHK4B5Xsf5YzL73kup2zJoJfDx5RJYBd0LZN6dx8XyOSoZnh7NNrMP+vTLxAJVp//JxHk0KIhBnW9YuFrSVig=="
      },
      "Microsoft.Extensions.FileProviders.Abstractions": {
        "type": "Transitive",
        "resolved": "8.0.0",
        "contentHash": "ZbaMlhJlpisjuWbvXr4LdAst/1XxH3vZ6A0BsgTphZ2L4PGuxRLz7Jr/S7mkAAnOn78Vu0fKhEgNF5JO3zfjqQ==",
        "dependencies": {
          "Microsoft.Extensions.Primitives": "8.0.0"
        }
      },
      "Microsoft.Extensions.Hosting.Abstractions": {
        "type": "Transitive",
        "resolved": "8.0.0",
        "contentHash": "AG7HWwVRdCHlaA++1oKDxLsXIBxmDpMPb3VoyOoAghEWnkUvEAdYQUwnV4jJbAaa/nMYNiEh5ByoLauZBEiovg==",
        "dependencies": {
          "Microsoft.Extensions.Configuration.Abstractions": "8.0.0",
          "Microsoft.Extensions.DependencyInjection.Abstractions": "8.0.0",
          "Microsoft.Extensions.Diagnostics.Abstractions": "8.0.0",
          "Microsoft.Extensions.FileProviders.Abstractions": "8.0.0",
          "Microsoft.Extensions.Logging.Abstractions": "8.0.0"
        }
      },
      "Microsoft.Extensions.Logging": {
        "type": "Transitive",
        "resolved": "6.0.0",
        "contentHash": "eIbyj40QDg1NDz0HBW0S5f3wrLVnKWnDJ/JtZ+yJDFnDj90VoPuoPmFkeaXrtu+0cKm5GRAwoDf+dBWXK0TUdg==",
        "dependencies": {
          "Microsoft.Extensions.DependencyInjection": "6.0.0",
          "Microsoft.Extensions.DependencyInjection.Abstractions": "6.0.0",
          "Microsoft.Extensions.Logging.Abstractions": "6.0.0",
          "Microsoft.Extensions.Options": "6.0.0",
          "System.Diagnostics.DiagnosticSource": "6.0.0"
        }
      },
      "Microsoft.Extensions.Logging.Abstractions": {
        "type": "Transitive",
        "resolved": "8.0.1",
        "contentHash": "RIFgaqoaINxkM2KTOw72dmilDmTrYA0ns2KW4lDz4gZ2+o6IQ894CzmdL3StM2oh7QQq44nCWiqKqc4qUI9Jmg==",
        "dependencies": {
          "Microsoft.Extensions.DependencyInjection.Abstractions": "8.0.1"
        }
      },
      "Microsoft.Extensions.Options": {
        "type": "Transitive",
        "resolved": "8.0.2",
        "contentHash": "dWGKvhFybsaZpGmzkGCbNNwBD1rVlWzrZKANLW/CcbFJpCEceMCGzT7zZwHOGBCbwM0SzBuceMj5HN1LKV1QqA==",
        "dependencies": {
          "Microsoft.Extensions.DependencyInjection.Abstractions": "8.0.0",
          "Microsoft.Extensions.Primitives": "8.0.0"
        }
      },
      "Microsoft.Extensions.Primitives": {
        "type": "Transitive",
        "resolved": "8.0.0",
        "contentHash": "bXJEZrW9ny8vjMF1JV253WeLhpEVzFo1lyaZu1vQ4ZxWUlVvknZ/+ftFgVheLubb4eZPSwwxBeqS1JkCOjxd8g=="
      },
      "Microsoft.TestPlatform.ObjectModel": {
        "type": "Transitive",
        "resolved": "17.10.0",
        "contentHash": "KkwhjQevuDj0aBRoPLY6OLAhGqbPUEBuKLbaCs0kUVw29qiOYncdORd4mLVJbn9vGZ7/iFGQ/+AoJl0Tu5Umdg==",
        "dependencies": {
          "System.Reflection.Metadata": "1.6.0"
        }
      },
      "Microsoft.TestPlatform.TestHost": {
        "type": "Transitive",
        "resolved": "17.10.0",
        "contentHash": "LWpMdfqhHvcUkeMCvNYJO8QlPLlYz9XPPb+ZbaXIKhdmjAV0wqTSrTiW5FLaf7RRZT50AQADDOYMOe0HxDxNgA==",
        "dependencies": {
          "Microsoft.TestPlatform.ObjectModel": "17.10.0",
          "Newtonsoft.Json": "13.0.1"
        }
      },
      "Monai.Deploy.Messaging": {
        "type": "Transitive",
        "resolved": "2.0.3",
        "contentHash": "jchWPuXJC4N9g1jZ7ZPSfbDSBfMmIgFw5w9VqAT5A9USdE/10IMT83wL48KkTbR7eHdphghe06iGKk7IPhYweA==",
        "dependencies": {
          "Ardalis.GuardClauses": "4.5.0",
          "Microsoft.Extensions.Diagnostics.HealthChecks": "8.0.6",
          "Newtonsoft.Json": "13.0.3",
          "System.IO.Abstractions": "21.0.2"
        }
      },
      "Monai.Deploy.Messaging.RabbitMQ": {
        "type": "Transitive",
        "resolved": "2.0.3",
        "contentHash": "/tj7IO/SHYXNRfxh7iIMms9TurhtCIozZp5lDFvd/WkPgKWZyyyZH8wxkNb9r7jIh/vXkrGJcPCxR30uoET+7g==",
        "dependencies": {
          "Monai.Deploy.Messaging": "2.0.3",
          "Polly": "8.4.0",
          "RabbitMQ.Client": "6.8.1"
        }
      },
      "Monai.Deploy.Storage": {
        "type": "Transitive",
        "resolved": "1.0.1",
        "contentHash": "ceVSHBPDMxWV7C6TLBoJmJt3X0RQmdPnm+9NU17Zs0TGE58QvSEHn4GJODtK9+ncgUJICjBhPFcNHV40ybEepQ==",
        "dependencies": {
          "AWSSDK.SecurityToken": "3.7.300.105",
          "Microsoft.Extensions.Diagnostics.HealthChecks": "8.0.6",
          "Monai.Deploy.Storage.S3Policy": "1.0.1",
          "System.IO.Abstractions": "21.0.2"
        }
      },
      "Monai.Deploy.Storage.S3Policy": {
        "type": "Transitive",
        "resolved": "1.0.1",
        "contentHash": "mgLlLRphh+vrVKen72jfEzBcoOhAzCjavGMUzWIjIFh5avmb2RJNbQERLSISOCjWnqPscc/xSPKFUUpLMOLdYw==",
        "dependencies": {
          "Ardalis.GuardClauses": "4.5.0",
          "Newtonsoft.Json": "13.0.3"
        }
      },
      "Newtonsoft.Json": {
        "type": "Transitive",
        "resolved": "13.0.3",
        "contentHash": "HrC5BXdl00IP9zeV+0Z848QWPAoCr9P3bDEZguI+gkLcBKAOxix/tLEAAHC+UvDNPv4a2d18lOReHMOagPa+zQ=="
      },
      "NLog": {
        "type": "Transitive",
        "resolved": "5.3.2",
        "contentHash": "cQRQZuDMjSyMe9EQBnI9v55YAMMz8GAfFd6fFJ6tc/kXnG7Hze8p1I8MgvWSBG6E36wA8vSxRrlm8uSIG+SENg=="
      },
      "Polly": {
        "type": "Transitive",
        "resolved": "8.4.0",
        "contentHash": "z2EeUutuy49jBQyZ5s2FUuTCGx3GCzJ0cJ2HbjWwks94TsC6bKTtAHKBkMZOa/DyYRl5yIX7MshvMTWl1J6RNg==",
        "dependencies": {
          "Polly.Core": "8.4.0"
        }
      },
      "Polly.Core": {
        "type": "Transitive",
        "resolved": "8.4.0",
        "contentHash": "3AZxuP//pxOeBo9tQs7/tz4Z5TTbu4BYfjpaXZD0JYKJo98ngN9TMUz1nybh4k0ykWkMBpGZALV/AmVIE3ew7A=="
      },
      "RabbitMQ.Client": {
        "type": "Transitive",
        "resolved": "6.8.1",
        "contentHash": "jNsmGgmCNw2S/NzskeN2ijtGywtH4Sk/G6jWUTD5sY9SrC27Xz6BsLIiB8hdsfjeyWCa4j4GvCIGkpE8wrjU1Q==",
        "dependencies": {
          "System.Memory": "4.5.5",
          "System.Threading.Channels": "7.0.0"
        }
      },
      "System.Buffers": {
        "type": "Transitive",
        "resolved": "4.5.1",
        "contentHash": "Rw7ijyl1qqRS0YQD/WycNst8hUUMgrMH4FCn1nNm27M4VxchZ1js3fVjQaANHO5f3sN4isvP4a+Met9Y4YomAg=="
      },
      "System.Diagnostics.DiagnosticSource": {
        "type": "Transitive",
        "resolved": "8.0.0",
        "contentHash": "c9xLpVz6PL9lp/djOWtk5KPDZq3cSYpmXoJQY524EOtuFl5z9ZtsotpsyrDW40U1DRnQSYvcPKEUV0X//u6gkQ=="
      },
      "System.IO.Abstractions": {
        "type": "Transitive",
        "resolved": "21.0.2",
        "contentHash": "ewYQGK0kzOpfiYCF0P0nqPAnKqGhqiXAWDFeMtQtwJyERA2s7nLx7KEALwDvIFjZvX6677IsPREoLIU9oBOQvA==",
        "dependencies": {
          "TestableIO.System.IO.Abstractions": "21.0.2",
          "TestableIO.System.IO.Abstractions.Wrappers": "21.0.2"
        }
      },
      "System.Memory": {
        "type": "Transitive",
        "resolved": "4.5.5",
        "contentHash": "XIWiDvKPXaTveaB7HVganDlOCRoj03l+jrwNvcge/t8vhGYKvqV+dMv6G4SAX2NoNmN0wZfVPTAlFwZcZvVOUw=="
      },
      "System.Reflection.Metadata": {
        "type": "Transitive",
        "resolved": "1.6.0",
        "contentHash": "COC1aiAJjCoA5GBF+QKL2uLqEBew4JsCkQmoHKbN3TlOZKa2fKLz5CpiRQKDz0RsAOEGsVKqOD5bomsXq/4STQ=="
      },
      "System.Runtime.CompilerServices.Unsafe": {
        "type": "Transitive",
        "resolved": "6.0.0",
        "contentHash": "/iUeP3tq1S0XdNNoMz5C9twLSrM/TH+qElHkXWaPvuNOt+99G75NrV0OS2EqHx5wMN7popYjpc8oTjC1y16DLg=="
      },
      "System.Text.Encoding.CodePages": {
        "type": "Transitive",
        "resolved": "6.0.0",
        "contentHash": "ZFCILZuOvtKPauZ/j/swhvw68ZRi9ATCfvGbk1QfydmcXBkIWecWKn/250UH7rahZ5OoDBaiAudJtPvLwzw85A==",
        "dependencies": {
          "System.Runtime.CompilerServices.Unsafe": "6.0.0"
        }
      },
      "System.Text.Encodings.Web": {
        "type": "Transitive",
        "resolved": "6.0.0",
        "contentHash": "Vg8eB5Tawm1IFqj4TVK1czJX89rhFxJo9ELqc/Eiq0eXy13RK00eubyU6TJE6y+GQXjyV5gSfiewDUZjQgSE0w==",
        "dependencies": {
          "System.Runtime.CompilerServices.Unsafe": "6.0.0"
        }
      },
      "System.Text.Json": {
        "type": "Transitive",
        "resolved": "6.0.9",
        "contentHash": "2j16oUgtIzl7Xtk7demG0i/v5aU/ZvULcAnJvPb63U3ZhXJ494UYcxuEj5Fs49i3XDrk5kU/8I+6l9zRCw3cJw==",
        "dependencies": {
          "System.Runtime.CompilerServices.Unsafe": "6.0.0",
          "System.Text.Encodings.Web": "6.0.0"
        }
      },
      "System.Threading.Channels": {
        "type": "Transitive",
        "resolved": "7.0.0",
        "contentHash": "qmeeYNROMsONF6ndEZcIQ+VxR4Q/TX/7uIVLJqtwIWL7dDWeh0l1UIqgo4wYyjG//5lUNhwkLDSFl+pAWO6oiA=="
      },
      "TestableIO.System.IO.Abstractions": {
        "type": "Transitive",
        "resolved": "21.0.2",
        "contentHash": "ViPtOy4lAlmWq9GDEwiE5C9XSgDGHUWMRvVvruI38pbikUXkgu7xnCVW7PYdQOjS+iWWcQHt+U7oyPedfnWSHg=="
      },
      "TestableIO.System.IO.Abstractions.Wrappers": {
        "type": "Transitive",
        "resolved": "21.0.2",
        "contentHash": "ii6Xgru3ozRaLezwE/lKAPTdE3ES+S3P3ul+QrMxIP10GN+LF0JAi4aWqb8lxzEAwBMSAeK/QipEpVt4KYlTOg==",
        "dependencies": {
          "TestableIO.System.IO.Abstractions": "21.0.2"
        }
      },
      "xunit.abstractions": {
        "type": "Transitive",
        "resolved": "2.0.3",
        "contentHash": "pot1I4YOxlWjIb5jmwvvQNbTrZ3lJQ+jUGkGjWE3hEFM0l5gOnBWS+H3qsex68s5cO52g+44vpGzhAt+42vwKg=="
      },
      "xunit.analyzers": {
        "type": "Transitive",
        "resolved": "1.14.0",
        "contentHash": "KcFBmV2150xZHPUebV3YLR5gGl8R4wLuPOoxMiwCf1L4bL8ls0dcwtGFzr6NvQRgg6dWgSqbE52I6SYyeB0VnQ=="
      },
      "xunit.assert": {
        "type": "Transitive",
        "resolved": "2.8.1",
        "contentHash": "DDM18ur+PeNFhQ4w/vO+uvCUy8hA3OS5+AMf/CFov9Wco7Le49zzj0hovRWwa8f/3vaUfjL5r+IkPvqEHu2IIg=="
      },
      "xunit.core": {
        "type": "Transitive",
        "resolved": "2.8.1",
        "contentHash": "Ng4Q/DOwotESPl5CufcdqgP6O2KDpdEcIvNfA3upzfCiBrkj5WsmLhf/XUsCVolzvHA7b1WUlyeTo7j1ulG4gQ==",
        "dependencies": {
          "xunit.extensibility.core": "[2.8.1]",
          "xunit.extensibility.execution": "[2.8.1]"
        }
      },
      "xunit.extensibility.core": {
        "type": "Transitive",
        "resolved": "2.8.1",
        "contentHash": "ilfAsxEhpne9AXXf3W+O65mRgGum94m2xHYm1yeJ1m7eiINM6OOwpaHhoNC/KWEQ2u/WF6/XiEs+Q0TOq7hiGA==",
        "dependencies": {
          "xunit.abstractions": "2.0.3"
        }
      },
      "xunit.extensibility.execution": {
        "type": "Transitive",
        "resolved": "2.8.1",
        "contentHash": "38UnJW+64Wn8QIabujcNEw0HKvWw2AlYCgU8GNwCCDqyrSuRYb7zwetn7SHoHfbL9e9FAvEiAMXmc2wSUY8sVQ==",
        "dependencies": {
          "xunit.extensibility.core": "[2.8.1]"
        }
      },
      "monai.deploy.informaticsgateway.api": {
        "type": "Project",
        "dependencies": {
          "HL7-dotnetcore": "[2.36.0, )",
          "Macross.Json.Extensions": "[3.0.0, )",
          "Microsoft.EntityFrameworkCore.Abstractions": "[8.0.6, )",
          "Monai.Deploy.InformaticsGateway.Common": "[1.0.0, )",
          "Monai.Deploy.Messaging": "[2.0.3, )",
          "Monai.Deploy.Messaging.RabbitMQ": "[2.0.3, )",
          "Monai.Deploy.Storage": "[1.0.1, )",
          "fo-dicom": "[5.1.2, )"
        }
      },
      "monai.deploy.informaticsgateway.common": {
        "type": "Project",
        "dependencies": {
          "Ardalis.GuardClauses": "[4.5.0, )",
          "System.IO.Abstractions": "[21.0.2, )"
        }
      },
      "monai.deploy.informaticsgateway.configuration": {
        "type": "Project",
        "dependencies": {
          "Monai.Deploy.InformaticsGateway.Api": "[0.4.1, )",
          "Monai.Deploy.InformaticsGateway.Common": "[1.0.0, )"
        }
      },
      "monai.deploy.informaticsgateway.database.api": {
        "type": "Project",
        "dependencies": {
          "Monai.Deploy.InformaticsGateway.Api": "[0.4.1, )",
          "Monai.Deploy.InformaticsGateway.Configuration": "[1.0.0, )",
          "NLog": "[5.3.2, )"
        }
      }
    }
  }
}