{
  "version": 1,
  "dependencies": {
    "net8.0": {
      "Ardalis.GuardClauses": {
        "type": "Direct",
        "requested": "[4.5.0, )",
        "resolved": "4.5.0",
        "contentHash": "9ajMCMD3gIWUsVb//ftJFsFm+TDvP3y05dVC1S9ANLP4Bo7V2xbCeQbTVomXR0mTYkX4mX6Lp3SPtdcKag4rZg=="
      },
      "Microsoft.NET.ILLink.Tasks": {
        "type": "Direct",
        "requested": "[8.0.7, )",
        "resolved": "8.0.7",
        "contentHash": "iI52ptEKby2ymQ6B7h4TWbFmm85T4VvLgc/HvS45Yr3lgi4IIFbQtjON3bQbX/Vc94jXNSLvrDOp5Kh7SJyFYQ=="
      }
    }
  }
}