{
  "version": 1,
  "dependencies": {
    "net8.0": {
      "Ardalis.GuardClauses": {
        "type": "Direct",
        "requested": "[4.6.0, )",
        "resolved": "4.6.0",
        "contentHash": "ckLr6V8tRXHu0kGVlen70sjXkZcbe6ZFknM3UDkeNzY75kXEe4Z5xru5weMU5IEAsuuqMKvVb7ikbUZ7JcHUSQ=="
      },
      "Microsoft.NET.ILLink.Tasks": {
        "type": "Direct",
        "requested": "[8.0.17, )",
        "resolved": "8.0.17",
        "contentHash": "x5/y4l8AtshpBOrCZdlE4txw8K3e3s9meBFeZeR3l8hbbku2V7kK6ojhXvrbjg1rk3G+JqL1BI26gtgc1ZrdUw=="
      }
    }
  }
}