Microsoft Visual Studio Solution File, Format Version 12.00
# Visual Studio Version 17
VisualStudioVersion = 17.0.32014.148
MinimumVisualStudioVersion = 10.0.40219.1
Project("{9A19103F-16F7-4668-BE54-9A1E7A4F7556}") = "Monai.Deploy.InformaticsGateway", "InformaticsGateway\Monai.Deploy.InformaticsGateway.csproj", "{5F7BF552-40CD-4B57-BD26-728BDC207AC6}"
EndProject
Project("{9A19103F-16F7-4668-BE54-9A1E7A4F7556}") = "Monai.Deploy.InformaticsGateway.Api", "Api\Monai.Deploy.InformaticsGateway.Api.csproj", "{19FDB1AB-5851-42AE-8821-60DC9883202D}"
EndProject
Project("{9A19103F-16F7-4668-BE54-9A1E7A4F7556}") = "Monai.Deploy.InformaticsGateway.Configuration", "Configuration\Monai.Deploy.InformaticsGateway.Configuration.csproj", "{7D77AA48-80BD-4450-964C-65B437A79EAF}"
EndProject
Project("{9A19103F-16F7-4668-BE54-9A1E7A4F7556}") = "Monai.Deploy.InformaticsGateway.Common", "Common\Monai.Deploy.InformaticsGateway.Common.csproj", "{F7DCAF99-10DF-4057-B142-516983A4CEFE}"
EndProject
Project("{9A19103F-16F7-4668-BE54-9A1E7A4F7556}") = "Monai.Deploy.InformaticsGateway.Database", "Database\Monai.Deploy.InformaticsGateway.Database.csproj", "{6073FCD3-5E2E-4182-B6B3-DE5E5BCBE203}"
EndProject
Project("{9A19103F-16F7-4668-BE54-9A1E7A4F7556}") = "Monai.Deploy.InformaticsGateway.DicomWeb.Client", "DicomWebClient\Monai.Deploy.InformaticsGateway.DicomWeb.Client.csproj", "{7EB41D90-E729-45CE-84C9-AF71456CCF50}"
EndProject
Project("{9A19103F-16F7-4668-BE54-9A1E7A4F7556}") = "Monai.Deploy.InformaticsGateway.Api.Test", "Api\Test\Monai.Deploy.InformaticsGateway.Api.Test.csproj", "{90BC467C-39C9-4EBB-98CF-3289BC8E8A72}"
EndProject
Project("{9A19103F-16F7-4668-BE54-9A1E7A4F7556}") = "Monai.Deploy.InformaticsGateway.Common.Test", "Common\Test\Monai.Deploy.InformaticsGateway.Common.Test.csproj", "{78668564-B90C-4661-A0EF-373E040F2270}"
EndProject
Project("{9A19103F-16F7-4668-BE54-9A1E7A4F7556}") = "Monai.Deploy.InformaticsGateway.Configuration.Test", "Configuration\Test\Monai.Deploy.InformaticsGateway.Configuration.Test.csproj", "{C7CBB953-DCBB-4B15-A562-C0C4CCF93B19}"
EndProject
Project("{9A19103F-16F7-4668-BE54-9A1E7A4F7556}") = "Monai.Deploy.InformaticsGateway.Test", "InformaticsGateway\Test\Monai.Deploy.InformaticsGateway.Test.csproj", "{7A429A5D-D845-42D0-A823-68E84BCC3659}"
EndProject
Project("{9A19103F-16F7-4668-BE54-9A1E7A4F7556}") = "Monai.Deploy.InformaticsGateway.DicomWeb.Client.Test", "DicomWebClient\Test\Monai.Deploy.InformaticsGateway.DicomWeb.Client.Test.csproj", "{74E3DCE4-6095-4A77-A12C-05D96840B02D}"
EndProject
Project("{9A19103F-16F7-4668-BE54-9A1E7A4F7556}") = "Monai.Deploy.InformaticsGateway.CLI", "CLI\Monai.Deploy.InformaticsGateway.CLI.csproj", "{B3F35969-BA8B-4863-BF0B-81032F5F48F1}"
EndProject
Project("{9A19103F-16F7-4668-BE54-9A1E7A4F7556}") = "Monai.Deploy.InformaticsGateway.Client", "Client\Monai.Deploy.InformaticsGateway.Client.csproj", "{61FC0E6E-C440-46DA-AC79-95517CA118AE}"
EndProject
Project("{9A19103F-16F7-4668-BE54-9A1E7A4F7556}") = "Monai.Deploy.InformaticsGateway.Client.Common", "Client.Common\Monai.Deploy.InformaticsGateway.Client.Common.csproj", "{485B2D75-4A01-47F6-A359-59F88696D516}"
EndProject
Project("{9A19103F-16F7-4668-BE54-9A1E7A4F7556}") = "Monai.Deploy.InformaticsGateway.Client.Common.Test", "Client.Common\Test\Monai.Deploy.InformaticsGateway.Client.Common.Test.csproj", "{06B4CB86-317A-41BA-9FEB-B9346E061254}"
EndProject
Project("{9A19103F-16F7-4668-BE54-9A1E7A4F7556}") = "Monai.Deploy.InformaticsGateway.Client.Test", "Client\Test\Monai.Deploy.InformaticsGateway.Client.Test.csproj", "{E1583FDB-9DC1-46E7-BB14-AFC2A7608600}"
EndProject
Project("{9A19103F-16F7-4668-BE54-9A1E7A4F7556}") = "Monai.Deploy.InformaticsGateway.CLI.Test", "CLI\Test\Monai.Deploy.InformaticsGateway.CLI.Test.csproj", "{28099DFC-8937-4508-848C-35C99E56C121}"
EndProject
Project("{2150E333-8FDC-42A3-9474-1A3956D46DE8}") = "Tests", "Tests", "{B8E99EF7-84EA-4D11-B722-9EE81B89CD86}"
EndProject
Project("{9A19103F-16F7-4668-BE54-9A1E7A4F7556}") = "Monai.Deploy.InformaticsGateway.Integration.Test", "..\tests\Integration.Test\Monai.Deploy.InformaticsGateway.Integration.Test.csproj", "{0BB99F0E-669F-4884-9DB1-AFA16CC9C67B}"
EndProject
Project("{9A19103F-16F7-4668-BE54-9A1E7A4F7556}") = "Monai.Deploy.InformaticsGateway.DicomWeb.Client.CLI", "DicomWebClient\CLI\Monai.Deploy.InformaticsGateway.DicomWeb.Client.CLI.csproj", "{689E0066-81DA-4602-B058-D93389DF5DBD}"
EndProject
Project("{9A19103F-16F7-4668-BE54-9A1E7A4F7556}") = "Monai.Deploy.InformaticsGateway.Database.EntityFramework", "Database\EntityFramework\Monai.Deploy.InformaticsGateway.Database.EntityFramework.csproj", "{313B68CE-A0DB-4DE2-8359-AC777F5997FE}"
EndProject
Project("{9A19103F-16F7-4668-BE54-9A1E7A4F7556}") = "Monai.Deploy.InformaticsGateway.Database.Api", "Database\Api\Monai.Deploy.InformaticsGateway.Database.Api.csproj", "{366CA24C-B546-46AD-8607-AABE4F0F4864}"
EndProject
Project("{9A19103F-16F7-4668-BE54-9A1E7A4F7556}") = "Monai.Deploy.InformaticsGateway.Database.Api.Test", "Database\Api\Test\Monai.Deploy.InformaticsGateway.Database.Api.Test.csproj", "{7F56994D-5310-467F-96FC-87C26F151737}"
EndProject
Project("{2150E333-8FDC-42A3-9474-1A3956D46DE8}") = "Database", "Database", "{290E4C9B-841D-4E2C-91A0-5A69BAB122F3}"
EndProject
Project("{9A19103F-16F7-4668-BE54-9A1E7A4F7556}") = "Monai.Deploy.InformaticsGateway.Database.EntityFramework.Test", "Database\EntityFramework\Test\Monai.Deploy.InformaticsGateway.Database.EntityFramework.Test.csproj", "{EA930DE2-33C4-447C-9E26-31387652D408}"
EndProject
Project("{9A19103F-16F7-4668-BE54-9A1E7A4F7556}") = "Monai.Deploy.InformaticsGateway.Database.MongoDB", "Database\MongoDB\Monai.Deploy.InformaticsGateway.Database.MongoDB.csproj", "{5ED73EEA-4DFA-426D-82E8-AA24D3CB4C31}"
EndProject
Project("{9A19103F-16F7-4668-BE54-9A1E7A4F7556}") = "Monai.Deploy.InformaticsGateway.Database.MongoDB.Integration.Test", "Database\MongoDB\Integration.Test\Monai.Deploy.InformaticsGateway.Database.MongoDB.Integration.Test.csproj", "{2F849556-44B6-484A-B612-CB0FA5D29AC6}"
EndProject
Project("{9A19103F-16F7-4668-BE54-9A1E7A4F7556}") = "Monai.Deploy.InformaticsGateway.PlugIns.RemoteAppExecution", "Plug-ins\RemoteAppExecution\Monai.Deploy.InformaticsGateway.PlugIns.RemoteAppExecution.csproj", "{8D82BD38-A21D-4C16-9FB0-616B9E7BFF23}"
EndProject
Project("{9A19103F-16F7-4668-BE54-9A1E7A4F7556}") = "Monai.Deploy.InformaticsGateway.PlugIns.RemoteAppExecution.Test", "Plug-ins\RemoteAppExecution\Test\Monai.Deploy.InformaticsGateway.PlugIns.RemoteAppExecution.Test.csproj", "{8EDD99D5-9FB5-40A3-BE47-B083D6DBC177}"
EndProject
Project("{9A19103F-16F7-4668-BE54-9A1E7A4F7556}") = "Monai.Deploy.InformaticsGateway.Test.PlugIns", "InformaticsGateway\Test\Plug-ins\Monai.Deploy.InformaticsGateway.Test.PlugIns.csproj", "{6C83469B-4B8A-416E-ACA7-09454D721352}"
EndProject
Project("{9A19103F-16F7-4668-BE54-9A1E7A4F7556}") = "Monai.Deploy.Messaging", "..\..\monai-deploy-messaging\src\Messaging\Monai.Deploy.Messaging.csproj", "{32A3AB42-5770-443C-A3C1-802575C4C08B}"
EndProject
Global
	GlobalSection(SolutionConfigurationPlatforms) = preSolution
		Debug|Any CPU = Debug|Any CPU
		Debug|x64 = Debug|x64
		Debug|x86 = Debug|x86
		Release|Any CPU = Release|Any CPU
		Release|x64 = Release|x64
		Release|x86 = Release|x86
	EndGlobalSection
	GlobalSection(ProjectConfigurationPlatforms) = postSolution
		{5F7BF552-40CD-4B57-BD26-728BDC207AC6}.Debug|Any CPU.ActiveCfg = Debug|Any CPU
		{5F7BF552-40CD-4B57-BD26-728BDC207AC6}.Debug|Any CPU.Build.0 = Debug|Any CPU
		{5F7BF552-40CD-4B57-BD26-728BDC207AC6}.Debug|x64.ActiveCfg = Debug|Any CPU
		{5F7BF552-40CD-4B57-BD26-728BDC207AC6}.Debug|x64.Build.0 = Debug|Any CPU
		{5F7BF552-40CD-4B57-BD26-728BDC207AC6}.Debug|x86.ActiveCfg = Debug|Any CPU
		{5F7BF552-40CD-4B57-BD26-728BDC207AC6}.Debug|x86.Build.0 = Debug|Any CPU
		{5F7BF552-40CD-4B57-BD26-728BDC207AC6}.Release|Any CPU.ActiveCfg = Release|Any CPU
		{5F7BF552-40CD-4B57-BD26-728BDC207AC6}.Release|Any CPU.Build.0 = Release|Any CPU
		{5F7BF552-40CD-4B57-BD26-728BDC207AC6}.Release|x64.ActiveCfg = Release|Any CPU
		{5F7BF552-40CD-4B57-BD26-728BDC207AC6}.Release|x64.Build.0 = Release|Any CPU
		{5F7BF552-40CD-4B57-BD26-728BDC207AC6}.Release|x86.ActiveCfg = Release|Any CPU
		{5F7BF552-40CD-4B57-BD26-728BDC207AC6}.Release|x86.Build.0 = Release|Any CPU
		{19FDB1AB-5851-42AE-8821-60DC9883202D}.Debug|Any CPU.ActiveCfg = Debug|Any CPU
		{19FDB1AB-5851-42AE-8821-60DC9883202D}.Debug|Any CPU.Build.0 = Debug|Any CPU
		{19FDB1AB-5851-42AE-8821-60DC9883202D}.Debug|x64.ActiveCfg = Debug|Any CPU
		{19FDB1AB-5851-42AE-8821-60DC9883202D}.Debug|x64.Build.0 = Debug|Any CPU
		{19FDB1AB-5851-42AE-8821-60DC9883202D}.Debug|x86.ActiveCfg = Debug|Any CPU
		{19FDB1AB-5851-42AE-8821-60DC9883202D}.Debug|x86.Build.0 = Debug|Any CPU
		{19FDB1AB-5851-42AE-8821-60DC9883202D}.Release|Any CPU.ActiveCfg = Release|Any CPU
		{19FDB1AB-5851-42AE-8821-60DC9883202D}.Release|Any CPU.Build.0 = Release|Any CPU
		{19FDB1AB-5851-42AE-8821-60DC9883202D}.Release|x64.ActiveCfg = Release|Any CPU
		{19FDB1AB-5851-42AE-8821-60DC9883202D}.Release|x64.Build.0 = Release|Any CPU
		{19FDB1AB-5851-42AE-8821-60DC9883202D}.Release|x86.ActiveCfg = Release|Any CPU
		{19FDB1AB-5851-42AE-8821-60DC9883202D}.Release|x86.Build.0 = Release|Any CPU
		{7D77AA48-80BD-4450-964C-65B437A79EAF}.Debug|Any CPU.ActiveCfg = Debug|Any CPU
		{7D77AA48-80BD-4450-964C-65B437A79EAF}.Debug|Any CPU.Build.0 = Debug|Any CPU
		{7D77AA48-80BD-4450-964C-65B437A79EAF}.Debug|x64.ActiveCfg = Debug|Any CPU
		{7D77AA48-80BD-4450-964C-65B437A79EAF}.Debug|x64.Build.0 = Debug|Any CPU
		{7D77AA48-80BD-4450-964C-65B437A79EAF}.Debug|x86.ActiveCfg = Debug|Any CPU
		{7D77AA48-80BD-4450-964C-65B437A79EAF}.Debug|x86.Build.0 = Debug|Any CPU
		{7D77AA48-80BD-4450-964C-65B437A79EAF}.Release|Any CPU.ActiveCfg = Release|Any CPU
		{7D77AA48-80BD-4450-964C-65B437A79EAF}.Release|Any CPU.Build.0 = Release|Any CPU
		{7D77AA48-80BD-4450-964C-65B437A79EAF}.Release|x64.ActiveCfg = Release|Any CPU
		{7D77AA48-80BD-4450-964C-65B437A79EAF}.Release|x64.Build.0 = Release|Any CPU
		{7D77AA48-80BD-4450-964C-65B437A79EAF}.Release|x86.ActiveCfg = Release|Any CPU
		{7D77AA48-80BD-4450-964C-65B437A79EAF}.Release|x86.Build.0 = Release|Any CPU
		{F7DCAF99-10DF-4057-B142-516983A4CEFE}.Debug|Any CPU.ActiveCfg = Debug|Any CPU
		{F7DCAF99-10DF-4057-B142-516983A4CEFE}.Debug|Any CPU.Build.0 = Debug|Any CPU
		{F7DCAF99-10DF-4057-B142-516983A4CEFE}.Debug|x64.ActiveCfg = Debug|Any CPU
		{F7DCAF99-10DF-4057-B142-516983A4CEFE}.Debug|x64.Build.0 = Debug|Any CPU
		{F7DCAF99-10DF-4057-B142-516983A4CEFE}.Debug|x86.ActiveCfg = Debug|Any CPU
		{F7DCAF99-10DF-4057-B142-516983A4CEFE}.Debug|x86.Build.0 = Debug|Any CPU
		{F7DCAF99-10DF-4057-B142-516983A4CEFE}.Release|Any CPU.ActiveCfg = Release|Any CPU
		{F7DCAF99-10DF-4057-B142-516983A4CEFE}.Release|Any CPU.Build.0 = Release|Any CPU
		{F7DCAF99-10DF-4057-B142-516983A4CEFE}.Release|x64.ActiveCfg = Release|Any CPU
		{F7DCAF99-10DF-4057-B142-516983A4CEFE}.Release|x64.Build.0 = Release|Any CPU
		{F7DCAF99-10DF-4057-B142-516983A4CEFE}.Release|x86.ActiveCfg = Release|Any CPU
		{F7DCAF99-10DF-4057-B142-516983A4CEFE}.Release|x86.Build.0 = Release|Any CPU
		{6073FCD3-5E2E-4182-B6B3-DE5E5BCBE203}.Debug|Any CPU.ActiveCfg = Debug|Any CPU
		{6073FCD3-5E2E-4182-B6B3-DE5E5BCBE203}.Debug|Any CPU.Build.0 = Debug|Any CPU
		{6073FCD3-5E2E-4182-B6B3-DE5E5BCBE203}.Debug|x64.ActiveCfg = Debug|Any CPU
		{6073FCD3-5E2E-4182-B6B3-DE5E5BCBE203}.Debug|x64.Build.0 = Debug|Any CPU
		{6073FCD3-5E2E-4182-B6B3-DE5E5BCBE203}.Debug|x86.ActiveCfg = Debug|Any CPU
		{6073FCD3-5E2E-4182-B6B3-DE5E5BCBE203}.Debug|x86.Build.0 = Debug|Any CPU
		{6073FCD3-5E2E-4182-B6B3-DE5E5BCBE203}.Release|Any CPU.ActiveCfg = Release|Any CPU
		{6073FCD3-5E2E-4182-B6B3-DE5E5BCBE203}.Release|Any CPU.Build.0 = Release|Any CPU
		{6073FCD3-5E2E-4182-B6B3-DE5E5BCBE203}.Release|x64.ActiveCfg = Release|Any CPU
		{6073FCD3-5E2E-4182-B6B3-DE5E5BCBE203}.Release|x64.Build.0 = Release|Any CPU
		{6073FCD3-5E2E-4182-B6B3-DE5E5BCBE203}.Release|x86.ActiveCfg = Release|Any CPU
		{6073FCD3-5E2E-4182-B6B3-DE5E5BCBE203}.Release|x86.Build.0 = Release|Any CPU
		{7EB41D90-E729-45CE-84C9-AF71456CCF50}.Debug|Any CPU.ActiveCfg = Debug|Any CPU
		{7EB41D90-E729-45CE-84C9-AF71456CCF50}.Debug|Any CPU.Build.0 = Debug|Any CPU
		{7EB41D90-E729-45CE-84C9-AF71456CCF50}.Debug|x64.ActiveCfg = Debug|Any CPU
		{7EB41D90-E729-45CE-84C9-AF71456CCF50}.Debug|x64.Build.0 = Debug|Any CPU
		{7EB41D90-E729-45CE-84C9-AF71456CCF50}.Debug|x86.ActiveCfg = Debug|Any CPU
		{7EB41D90-E729-45CE-84C9-AF71456CCF50}.Debug|x86.Build.0 = Debug|Any CPU
		{7EB41D90-E729-45CE-84C9-AF71456CCF50}.Release|Any CPU.ActiveCfg = Release|Any CPU
		{7EB41D90-E729-45CE-84C9-AF71456CCF50}.Release|Any CPU.Build.0 = Release|Any CPU
		{7EB41D90-E729-45CE-84C9-AF71456CCF50}.Release|x64.ActiveCfg = Release|Any CPU
		{7EB41D90-E729-45CE-84C9-AF71456CCF50}.Release|x64.Build.0 = Release|Any CPU
		{7EB41D90-E729-45CE-84C9-AF71456CCF50}.Release|x86.ActiveCfg = Release|Any CPU
		{7EB41D90-E729-45CE-84C9-AF71456CCF50}.Release|x86.Build.0 = Release|Any CPU
		{90BC467C-39C9-4EBB-98CF-3289BC8E8A72}.Debug|Any CPU.ActiveCfg = Debug|Any CPU
		{90BC467C-39C9-4EBB-98CF-3289BC8E8A72}.Debug|Any CPU.Build.0 = Debug|Any CPU
		{90BC467C-39C9-4EBB-98CF-3289BC8E8A72}.Debug|x64.ActiveCfg = Debug|Any CPU
		{90BC467C-39C9-4EBB-98CF-3289BC8E8A72}.Debug|x64.Build.0 = Debug|Any CPU
		{90BC467C-39C9-4EBB-98CF-3289BC8E8A72}.Debug|x86.ActiveCfg = Debug|Any CPU
		{90BC467C-39C9-4EBB-98CF-3289BC8E8A72}.Debug|x86.Build.0 = Debug|Any CPU
		{90BC467C-39C9-4EBB-98CF-3289BC8E8A72}.Release|Any CPU.ActiveCfg = Release|Any CPU
		{90BC467C-39C9-4EBB-98CF-3289BC8E8A72}.Release|Any CPU.Build.0 = Release|Any CPU
		{90BC467C-39C9-4EBB-98CF-3289BC8E8A72}.Release|x64.ActiveCfg = Release|Any CPU
		{90BC467C-39C9-4EBB-98CF-3289BC8E8A72}.Release|x64.Build.0 = Release|Any CPU
		{90BC467C-39C9-4EBB-98CF-3289BC8E8A72}.Release|x86.ActiveCfg = Release|Any CPU
		{90BC467C-39C9-4EBB-98CF-3289BC8E8A72}.Release|x86.Build.0 = Release|Any CPU
		{78668564-B90C-4661-A0EF-373E040F2270}.Debug|Any CPU.ActiveCfg = Debug|Any CPU
		{78668564-B90C-4661-A0EF-373E040F2270}.Debug|Any CPU.Build.0 = Debug|Any CPU
		{78668564-B90C-4661-A0EF-373E040F2270}.Debug|x64.ActiveCfg = Debug|Any CPU
		{78668564-B90C-4661-A0EF-373E040F2270}.Debug|x64.Build.0 = Debug|Any CPU
		{78668564-B90C-4661-A0EF-373E040F2270}.Debug|x86.ActiveCfg = Debug|Any CPU
		{78668564-B90C-4661-A0EF-373E040F2270}.Debug|x86.Build.0 = Debug|Any CPU
		{78668564-B90C-4661-A0EF-373E040F2270}.Release|Any CPU.ActiveCfg = Release|Any CPU
		{78668564-B90C-4661-A0EF-373E040F2270}.Release|Any CPU.Build.0 = Release|Any CPU
		{78668564-B90C-4661-A0EF-373E040F2270}.Release|x64.ActiveCfg = Release|Any CPU
		{78668564-B90C-4661-A0EF-373E040F2270}.Release|x64.Build.0 = Release|Any CPU
		{78668564-B90C-4661-A0EF-373E040F2270}.Release|x86.ActiveCfg = Release|Any CPU
		{78668564-B90C-4661-A0EF-373E040F2270}.Release|x86.Build.0 = Release|Any CPU
		{C7CBB953-DCBB-4B15-A562-C0C4CCF93B19}.Debug|Any CPU.ActiveCfg = Debug|Any CPU
		{C7CBB953-DCBB-4B15-A562-C0C4CCF93B19}.Debug|Any CPU.Build.0 = Debug|Any CPU
		{C7CBB953-DCBB-4B15-A562-C0C4CCF93B19}.Debug|x64.ActiveCfg = Debug|Any CPU
		{C7CBB953-DCBB-4B15-A562-C0C4CCF93B19}.Debug|x64.Build.0 = Debug|Any CPU
		{C7CBB953-DCBB-4B15-A562-C0C4CCF93B19}.Debug|x86.ActiveCfg = Debug|Any CPU
		{C7CBB953-DCBB-4B15-A562-C0C4CCF93B19}.Debug|x86.Build.0 = Debug|Any CPU
		{C7CBB953-DCBB-4B15-A562-C0C4CCF93B19}.Release|Any CPU.ActiveCfg = Release|Any CPU
		{C7CBB953-DCBB-4B15-A562-C0C4CCF93B19}.Release|Any CPU.Build.0 = Release|Any CPU
		{C7CBB953-DCBB-4B15-A562-C0C4CCF93B19}.Release|x64.ActiveCfg = Release|Any CPU
		{C7CBB953-DCBB-4B15-A562-C0C4CCF93B19}.Release|x64.Build.0 = Release|Any CPU
		{C7CBB953-DCBB-4B15-A562-C0C4CCF93B19}.Release|x86.ActiveCfg = Release|Any CPU
		{C7CBB953-DCBB-4B15-A562-C0C4CCF93B19}.Release|x86.Build.0 = Release|Any CPU
		{7A429A5D-D845-42D0-A823-68E84BCC3659}.Debug|Any CPU.ActiveCfg = Debug|Any CPU
		{7A429A5D-D845-42D0-A823-68E84BCC3659}.Debug|Any CPU.Build.0 = Debug|Any CPU
		{7A429A5D-D845-42D0-A823-68E84BCC3659}.Debug|x64.ActiveCfg = Debug|Any CPU
		{7A429A5D-D845-42D0-A823-68E84BCC3659}.Debug|x64.Build.0 = Debug|Any CPU
		{7A429A5D-D845-42D0-A823-68E84BCC3659}.Debug|x86.ActiveCfg = Debug|Any CPU
		{7A429A5D-D845-42D0-A823-68E84BCC3659}.Debug|x86.Build.0 = Debug|Any CPU
		{7A429A5D-D845-42D0-A823-68E84BCC3659}.Release|Any CPU.ActiveCfg = Release|Any CPU
		{7A429A5D-D845-42D0-A823-68E84BCC3659}.Release|Any CPU.Build.0 = Release|Any CPU
		{7A429A5D-D845-42D0-A823-68E84BCC3659}.Release|x64.ActiveCfg = Release|Any CPU
		{7A429A5D-D845-42D0-A823-68E84BCC3659}.Release|x64.Build.0 = Release|Any CPU
		{7A429A5D-D845-42D0-A823-68E84BCC3659}.Release|x86.ActiveCfg = Release|Any CPU
		{7A429A5D-D845-42D0-A823-68E84BCC3659}.Release|x86.Build.0 = Release|Any CPU
		{74E3DCE4-6095-4A77-A12C-05D96840B02D}.Debug|Any CPU.ActiveCfg = Debug|Any CPU
		{74E3DCE4-6095-4A77-A12C-05D96840B02D}.Debug|Any CPU.Build.0 = Debug|Any CPU
		{74E3DCE4-6095-4A77-A12C-05D96840B02D}.Debug|x64.ActiveCfg = Debug|Any CPU
		{74E3DCE4-6095-4A77-A12C-05D96840B02D}.Debug|x64.Build.0 = Debug|Any CPU
		{74E3DCE4-6095-4A77-A12C-05D96840B02D}.Debug|x86.ActiveCfg = Debug|Any CPU
		{74E3DCE4-6095-4A77-A12C-05D96840B02D}.Debug|x86.Build.0 = Debug|Any CPU
		{74E3DCE4-6095-4A77-A12C-05D96840B02D}.Release|Any CPU.ActiveCfg = Release|Any CPU
		{74E3DCE4-6095-4A77-A12C-05D96840B02D}.Release|Any CPU.Build.0 = Release|Any CPU
		{74E3DCE4-6095-4A77-A12C-05D96840B02D}.Release|x64.ActiveCfg = Release|Any CPU
		{74E3DCE4-6095-4A77-A12C-05D96840B02D}.Release|x64.Build.0 = Release|Any CPU
		{74E3DCE4-6095-4A77-A12C-05D96840B02D}.Release|x86.ActiveCfg = Release|Any CPU
		{74E3DCE4-6095-4A77-A12C-05D96840B02D}.Release|x86.Build.0 = Release|Any CPU
		{B3F35969-BA8B-4863-BF0B-81032F5F48F1}.Debug|Any CPU.ActiveCfg = Debug|Any CPU
		{B3F35969-BA8B-4863-BF0B-81032F5F48F1}.Debug|Any CPU.Build.0 = Debug|Any CPU
		{B3F35969-BA8B-4863-BF0B-81032F5F48F1}.Debug|x64.ActiveCfg = Debug|Any CPU
		{B3F35969-BA8B-4863-BF0B-81032F5F48F1}.Debug|x64.Build.0 = Debug|Any CPU
		{B3F35969-BA8B-4863-BF0B-81032F5F48F1}.Debug|x86.ActiveCfg = Debug|Any CPU
		{B3F35969-BA8B-4863-BF0B-81032F5F48F1}.Debug|x86.Build.0 = Debug|Any CPU
		{B3F35969-BA8B-4863-BF0B-81032F5F48F1}.Release|Any CPU.ActiveCfg = Release|Any CPU
		{B3F35969-BA8B-4863-BF0B-81032F5F48F1}.Release|Any CPU.Build.0 = Release|Any CPU
		{B3F35969-BA8B-4863-BF0B-81032F5F48F1}.Release|x64.ActiveCfg = Release|Any CPU
		{B3F35969-BA8B-4863-BF0B-81032F5F48F1}.Release|x64.Build.0 = Release|Any CPU
		{B3F35969-BA8B-4863-BF0B-81032F5F48F1}.Release|x86.ActiveCfg = Release|Any CPU
		{B3F35969-BA8B-4863-BF0B-81032F5F48F1}.Release|x86.Build.0 = Release|Any CPU
		{61FC0E6E-C440-46DA-AC79-95517CA118AE}.Debug|Any CPU.ActiveCfg = Debug|Any CPU
		{61FC0E6E-C440-46DA-AC79-95517CA118AE}.Debug|Any CPU.Build.0 = Debug|Any CPU
		{61FC0E6E-C440-46DA-AC79-95517CA118AE}.Debug|x64.ActiveCfg = Debug|Any CPU
		{61FC0E6E-C440-46DA-AC79-95517CA118AE}.Debug|x64.Build.0 = Debug|Any CPU
		{61FC0E6E-C440-46DA-AC79-95517CA118AE}.Debug|x86.ActiveCfg = Debug|Any CPU
		{61FC0E6E-C440-46DA-AC79-95517CA118AE}.Debug|x86.Build.0 = Debug|Any CPU
		{61FC0E6E-C440-46DA-AC79-95517CA118AE}.Release|Any CPU.ActiveCfg = Release|Any CPU
		{61FC0E6E-C440-46DA-AC79-95517CA118AE}.Release|Any CPU.Build.0 = Release|Any CPU
		{61FC0E6E-C440-46DA-AC79-95517CA118AE}.Release|x64.ActiveCfg = Release|Any CPU
		{61FC0E6E-C440-46DA-AC79-95517CA118AE}.Release|x64.Build.0 = Release|Any CPU
		{61FC0E6E-C440-46DA-AC79-95517CA118AE}.Release|x86.ActiveCfg = Release|Any CPU
		{61FC0E6E-C440-46DA-AC79-95517CA118AE}.Release|x86.Build.0 = Release|Any CPU
		{485B2D75-4A01-47F6-A359-59F88696D516}.Debug|Any CPU.ActiveCfg = Debug|Any CPU
		{485B2D75-4A01-47F6-A359-59F88696D516}.Debug|Any CPU.Build.0 = Debug|Any CPU
		{485B2D75-4A01-47F6-A359-59F88696D516}.Debug|x64.ActiveCfg = Debug|Any CPU
		{485B2D75-4A01-47F6-A359-59F88696D516}.Debug|x64.Build.0 = Debug|Any CPU
		{485B2D75-4A01-47F6-A359-59F88696D516}.Debug|x86.ActiveCfg = Debug|Any CPU
		{485B2D75-4A01-47F6-A359-59F88696D516}.Debug|x86.Build.0 = Debug|Any CPU
		{485B2D75-4A01-47F6-A359-59F88696D516}.Release|Any CPU.ActiveCfg = Release|Any CPU
		{485B2D75-4A01-47F6-A359-59F88696D516}.Release|Any CPU.Build.0 = Release|Any CPU
		{485B2D75-4A01-47F6-A359-59F88696D516}.Release|x64.ActiveCfg = Release|Any CPU
		{485B2D75-4A01-47F6-A359-59F88696D516}.Release|x64.Build.0 = Release|Any CPU
		{485B2D75-4A01-47F6-A359-59F88696D516}.Release|x86.ActiveCfg = Release|Any CPU
		{485B2D75-4A01-47F6-A359-59F88696D516}.Release|x86.Build.0 = Release|Any CPU
		{06B4CB86-317A-41BA-9FEB-B9346E061254}.Debug|Any CPU.ActiveCfg = Debug|Any CPU
		{06B4CB86-317A-41BA-9FEB-B9346E061254}.Debug|Any CPU.Build.0 = Debug|Any CPU
		{06B4CB86-317A-41BA-9FEB-B9346E061254}.Debug|x64.ActiveCfg = Debug|Any CPU
		{06B4CB86-317A-41BA-9FEB-B9346E061254}.Debug|x64.Build.0 = Debug|Any CPU
		{06B4CB86-317A-41BA-9FEB-B9346E061254}.Debug|x86.ActiveCfg = Debug|Any CPU
		{06B4CB86-317A-41BA-9FEB-B9346E061254}.Debug|x86.Build.0 = Debug|Any CPU
		{06B4CB86-317A-41BA-9FEB-B9346E061254}.Release|Any CPU.ActiveCfg = Release|Any CPU
		{06B4CB86-317A-41BA-9FEB-B9346E061254}.Release|Any CPU.Build.0 = Release|Any CPU
		{06B4CB86-317A-41BA-9FEB-B9346E061254}.Release|x64.ActiveCfg = Release|Any CPU
		{06B4CB86-317A-41BA-9FEB-B9346E061254}.Release|x64.Build.0 = Release|Any CPU
		{06B4CB86-317A-41BA-9FEB-B9346E061254}.Release|x86.ActiveCfg = Release|Any CPU
		{06B4CB86-317A-41BA-9FEB-B9346E061254}.Release|x86.Build.0 = Release|Any CPU
		{E1583FDB-9DC1-46E7-BB14-AFC2A7608600}.Debug|Any CPU.ActiveCfg = Debug|Any CPU
		{E1583FDB-9DC1-46E7-BB14-AFC2A7608600}.Debug|Any CPU.Build.0 = Debug|Any CPU
		{E1583FDB-9DC1-46E7-BB14-AFC2A7608600}.Debug|x64.ActiveCfg = Debug|Any CPU
		{E1583FDB-9DC1-46E7-BB14-AFC2A7608600}.Debug|x64.Build.0 = Debug|Any CPU
		{E1583FDB-9DC1-46E7-BB14-AFC2A7608600}.Debug|x86.ActiveCfg = Debug|Any CPU
		{E1583FDB-9DC1-46E7-BB14-AFC2A7608600}.Debug|x86.Build.0 = Debug|Any CPU
		{E1583FDB-9DC1-46E7-BB14-AFC2A7608600}.Release|Any CPU.ActiveCfg = Release|Any CPU
		{E1583FDB-9DC1-46E7-BB14-AFC2A7608600}.Release|Any CPU.Build.0 = Release|Any CPU
		{E1583FDB-9DC1-46E7-BB14-AFC2A7608600}.Release|x64.ActiveCfg = Release|Any CPU
		{E1583FDB-9DC1-46E7-BB14-AFC2A7608600}.Release|x64.Build.0 = Release|Any CPU
		{E1583FDB-9DC1-46E7-BB14-AFC2A7608600}.Release|x86.ActiveCfg = Release|Any CPU
		{E1583FDB-9DC1-46E7-BB14-AFC2A7608600}.Release|x86.Build.0 = Release|Any CPU
		{28099DFC-8937-4508-848C-35C99E56C121}.Debug|Any CPU.ActiveCfg = Debug|Any CPU
		{28099DFC-8937-4508-848C-35C99E56C121}.Debug|Any CPU.Build.0 = Debug|Any CPU
		{28099DFC-8937-4508-848C-35C99E56C121}.Debug|x64.ActiveCfg = Debug|Any CPU
		{28099DFC-8937-4508-848C-35C99E56C121}.Debug|x64.Build.0 = Debug|Any CPU
		{28099DFC-8937-4508-848C-35C99E56C121}.Debug|x86.ActiveCfg = Debug|Any CPU
		{28099DFC-8937-4508-848C-35C99E56C121}.Debug|x86.Build.0 = Debug|Any CPU
		{28099DFC-8937-4508-848C-35C99E56C121}.Release|Any CPU.ActiveCfg = Release|Any CPU
		{28099DFC-8937-4508-848C-35C99E56C121}.Release|Any CPU.Build.0 = Release|Any CPU
		{28099DFC-8937-4508-848C-35C99E56C121}.Release|x64.ActiveCfg = Release|Any CPU
		{28099DFC-8937-4508-848C-35C99E56C121}.Release|x64.Build.0 = Release|Any CPU
		{28099DFC-8937-4508-848C-35C99E56C121}.Release|x86.ActiveCfg = Release|Any CPU
		{28099DFC-8937-4508-848C-35C99E56C121}.Release|x86.Build.0 = Release|Any CPU
		{0BB99F0E-669F-4884-9DB1-AFA16CC9C67B}.Debug|Any CPU.ActiveCfg = Debug|Any CPU
		{0BB99F0E-669F-4884-9DB1-AFA16CC9C67B}.Debug|Any CPU.Build.0 = Debug|Any CPU
		{0BB99F0E-669F-4884-9DB1-AFA16CC9C67B}.Debug|x64.ActiveCfg = Debug|Any CPU
		{0BB99F0E-669F-4884-9DB1-AFA16CC9C67B}.Debug|x64.Build.0 = Debug|Any CPU
		{0BB99F0E-669F-4884-9DB1-AFA16CC9C67B}.Debug|x86.ActiveCfg = Debug|Any CPU
		{0BB99F0E-669F-4884-9DB1-AFA16CC9C67B}.Debug|x86.Build.0 = Debug|Any CPU
		{0BB99F0E-669F-4884-9DB1-AFA16CC9C67B}.Release|Any CPU.ActiveCfg = Release|Any CPU
		{0BB99F0E-669F-4884-9DB1-AFA16CC9C67B}.Release|Any CPU.Build.0 = Release|Any CPU
		{0BB99F0E-669F-4884-9DB1-AFA16CC9C67B}.Release|x64.ActiveCfg = Release|Any CPU
		{0BB99F0E-669F-4884-9DB1-AFA16CC9C67B}.Release|x64.Build.0 = Release|Any CPU
		{0BB99F0E-669F-4884-9DB1-AFA16CC9C67B}.Release|x86.ActiveCfg = Release|Any CPU
		{0BB99F0E-669F-4884-9DB1-AFA16CC9C67B}.Release|x86.Build.0 = Release|Any CPU
		{689E0066-81DA-4602-B058-D93389DF5DBD}.Debug|Any CPU.ActiveCfg = Debug|Any CPU
		{689E0066-81DA-4602-B058-D93389DF5DBD}.Debug|Any CPU.Build.0 = Debug|Any CPU
		{689E0066-81DA-4602-B058-D93389DF5DBD}.Debug|x64.ActiveCfg = Debug|Any CPU
		{689E0066-81DA-4602-B058-D93389DF5DBD}.Debug|x64.Build.0 = Debug|Any CPU
		{689E0066-81DA-4602-B058-D93389DF5DBD}.Debug|x86.ActiveCfg = Debug|Any CPU
		{689E0066-81DA-4602-B058-D93389DF5DBD}.Debug|x86.Build.0 = Debug|Any CPU
		{689E0066-81DA-4602-B058-D93389DF5DBD}.Release|Any CPU.ActiveCfg = Release|Any CPU
		{689E0066-81DA-4602-B058-D93389DF5DBD}.Release|Any CPU.Build.0 = Release|Any CPU
		{689E0066-81DA-4602-B058-D93389DF5DBD}.Release|x64.ActiveCfg = Release|Any CPU
		{689E0066-81DA-4602-B058-D93389DF5DBD}.Release|x64.Build.0 = Release|Any CPU
		{689E0066-81DA-4602-B058-D93389DF5DBD}.Release|x86.ActiveCfg = Release|Any CPU
		{689E0066-81DA-4602-B058-D93389DF5DBD}.Release|x86.Build.0 = Release|Any CPU
		{313B68CE-A0DB-4DE2-8359-AC777F5997FE}.Debug|Any CPU.ActiveCfg = Debug|Any CPU
		{313B68CE-A0DB-4DE2-8359-AC777F5997FE}.Debug|Any CPU.Build.0 = Debug|Any CPU
		{313B68CE-A0DB-4DE2-8359-AC777F5997FE}.Debug|x64.ActiveCfg = Debug|Any CPU
		{313B68CE-A0DB-4DE2-8359-AC777F5997FE}.Debug|x64.Build.0 = Debug|Any CPU
		{313B68CE-A0DB-4DE2-8359-AC777F5997FE}.Debug|x86.ActiveCfg = Debug|Any CPU
		{313B68CE-A0DB-4DE2-8359-AC777F5997FE}.Debug|x86.Build.0 = Debug|Any CPU
		{313B68CE-A0DB-4DE2-8359-AC777F5997FE}.Release|Any CPU.ActiveCfg = Release|Any CPU
		{313B68CE-A0DB-4DE2-8359-AC777F5997FE}.Release|Any CPU.Build.0 = Release|Any CPU
		{313B68CE-A0DB-4DE2-8359-AC777F5997FE}.Release|x64.ActiveCfg = Release|Any CPU
		{313B68CE-A0DB-4DE2-8359-AC777F5997FE}.Release|x64.Build.0 = Release|Any CPU
		{313B68CE-A0DB-4DE2-8359-AC777F5997FE}.Release|x86.ActiveCfg = Release|Any CPU
		{313B68CE-A0DB-4DE2-8359-AC777F5997FE}.Release|x86.Build.0 = Release|Any CPU
		{366CA24C-B546-46AD-8607-AABE4F0F4864}.Debug|Any CPU.ActiveCfg = Debug|Any CPU
		{366CA24C-B546-46AD-8607-AABE4F0F4864}.Debug|Any CPU.Build.0 = Debug|Any CPU
		{366CA24C-B546-46AD-8607-AABE4F0F4864}.Debug|x64.ActiveCfg = Debug|Any CPU
		{366CA24C-B546-46AD-8607-AABE4F0F4864}.Debug|x64.Build.0 = Debug|Any CPU
		{366CA24C-B546-46AD-8607-AABE4F0F4864}.Debug|x86.ActiveCfg = Debug|Any CPU
		{366CA24C-B546-46AD-8607-AABE4F0F4864}.Debug|x86.Build.0 = Debug|Any CPU
		{366CA24C-B546-46AD-8607-AABE4F0F4864}.Release|Any CPU.ActiveCfg = Release|Any CPU
		{366CA24C-B546-46AD-8607-AABE4F0F4864}.Release|Any CPU.Build.0 = Release|Any CPU
		{366CA24C-B546-46AD-8607-AABE4F0F4864}.Release|x64.ActiveCfg = Release|Any CPU
		{366CA24C-B546-46AD-8607-AABE4F0F4864}.Release|x64.Build.0 = Release|Any CPU
		{366CA24C-B546-46AD-8607-AABE4F0F4864}.Release|x86.ActiveCfg = Release|Any CPU
		{366CA24C-B546-46AD-8607-AABE4F0F4864}.Release|x86.Build.0 = Release|Any CPU
		{7F56994D-5310-467F-96FC-87C26F151737}.Debug|Any CPU.ActiveCfg = Debug|Any CPU
		{7F56994D-5310-467F-96FC-87C26F151737}.Debug|Any CPU.Build.0 = Debug|Any CPU
		{7F56994D-5310-467F-96FC-87C26F151737}.Debug|x64.ActiveCfg = Debug|Any CPU
		{7F56994D-5310-467F-96FC-87C26F151737}.Debug|x64.Build.0 = Debug|Any CPU
		{7F56994D-5310-467F-96FC-87C26F151737}.Debug|x86.ActiveCfg = Debug|Any CPU
		{7F56994D-5310-467F-96FC-87C26F151737}.Debug|x86.Build.0 = Debug|Any CPU
		{7F56994D-5310-467F-96FC-87C26F151737}.Release|Any CPU.ActiveCfg = Release|Any CPU
		{7F56994D-5310-467F-96FC-87C26F151737}.Release|Any CPU.Build.0 = Release|Any CPU
		{7F56994D-5310-467F-96FC-87C26F151737}.Release|x64.ActiveCfg = Release|Any CPU
		{7F56994D-5310-467F-96FC-87C26F151737}.Release|x64.Build.0 = Release|Any CPU
		{7F56994D-5310-467F-96FC-87C26F151737}.Release|x86.ActiveCfg = Release|Any CPU
		{7F56994D-5310-467F-96FC-87C26F151737}.Release|x86.Build.0 = Release|Any CPU
		{EA930DE2-33C4-447C-9E26-31387652D408}.Debug|Any CPU.ActiveCfg = Debug|Any CPU
		{EA930DE2-33C4-447C-9E26-31387652D408}.Debug|Any CPU.Build.0 = Debug|Any CPU
		{EA930DE2-33C4-447C-9E26-31387652D408}.Debug|x64.ActiveCfg = Debug|Any CPU
		{EA930DE2-33C4-447C-9E26-31387652D408}.Debug|x64.Build.0 = Debug|Any CPU
		{EA930DE2-33C4-447C-9E26-31387652D408}.Debug|x86.ActiveCfg = Debug|Any CPU
		{EA930DE2-33C4-447C-9E26-31387652D408}.Debug|x86.Build.0 = Debug|Any CPU
		{EA930DE2-33C4-447C-9E26-31387652D408}.Release|Any CPU.ActiveCfg = Release|Any CPU
		{EA930DE2-33C4-447C-9E26-31387652D408}.Release|Any CPU.Build.0 = Release|Any CPU
		{EA930DE2-33C4-447C-9E26-31387652D408}.Release|x64.ActiveCfg = Release|Any CPU
		{EA930DE2-33C4-447C-9E26-31387652D408}.Release|x64.Build.0 = Release|Any CPU
		{EA930DE2-33C4-447C-9E26-31387652D408}.Release|x86.ActiveCfg = Release|Any CPU
		{EA930DE2-33C4-447C-9E26-31387652D408}.Release|x86.Build.0 = Release|Any CPU
		{5ED73EEA-4DFA-426D-82E8-AA24D3CB4C31}.Debug|Any CPU.ActiveCfg = Debug|Any CPU
		{5ED73EEA-4DFA-426D-82E8-AA24D3CB4C31}.Debug|Any CPU.Build.0 = Debug|Any CPU
		{5ED73EEA-4DFA-426D-82E8-AA24D3CB4C31}.Debug|x64.ActiveCfg = Debug|Any CPU
		{5ED73EEA-4DFA-426D-82E8-AA24D3CB4C31}.Debug|x64.Build.0 = Debug|Any CPU
		{5ED73EEA-4DFA-426D-82E8-AA24D3CB4C31}.Debug|x86.ActiveCfg = Debug|Any CPU
		{5ED73EEA-4DFA-426D-82E8-AA24D3CB4C31}.Debug|x86.Build.0 = Debug|Any CPU
		{5ED73EEA-4DFA-426D-82E8-AA24D3CB4C31}.Release|Any CPU.ActiveCfg = Release|Any CPU
		{5ED73EEA-4DFA-426D-82E8-AA24D3CB4C31}.Release|Any CPU.Build.0 = Release|Any CPU
		{5ED73EEA-4DFA-426D-82E8-AA24D3CB4C31}.Release|x64.ActiveCfg = Release|Any CPU
		{5ED73EEA-4DFA-426D-82E8-AA24D3CB4C31}.Release|x64.Build.0 = Release|Any CPU
		{5ED73EEA-4DFA-426D-82E8-AA24D3CB4C31}.Release|x86.ActiveCfg = Release|Any CPU
		{5ED73EEA-4DFA-426D-82E8-AA24D3CB4C31}.Release|x86.Build.0 = Release|Any CPU
		{2F849556-44B6-484A-B612-CB0FA5D29AC6}.Debug|Any CPU.ActiveCfg = Debug|Any CPU
		{2F849556-44B6-484A-B612-CB0FA5D29AC6}.Debug|Any CPU.Build.0 = Debug|Any CPU
		{2F849556-44B6-484A-B612-CB0FA5D29AC6}.Debug|x64.ActiveCfg = Debug|Any CPU
		{2F849556-44B6-484A-B612-CB0FA5D29AC6}.Debug|x64.Build.0 = Debug|Any CPU
		{2F849556-44B6-484A-B612-CB0FA5D29AC6}.Debug|x86.ActiveCfg = Debug|Any CPU
		{2F849556-44B6-484A-B612-CB0FA5D29AC6}.Debug|x86.Build.0 = Debug|Any CPU
		{2F849556-44B6-484A-B612-CB0FA5D29AC6}.Release|Any CPU.ActiveCfg = Release|Any CPU
		{2F849556-44B6-484A-B612-CB0FA5D29AC6}.Release|Any CPU.Build.0 = Release|Any CPU
		{2F849556-44B6-484A-B612-CB0FA5D29AC6}.Release|x64.ActiveCfg = Release|Any CPU
		{2F849556-44B6-484A-B612-CB0FA5D29AC6}.Release|x64.Build.0 = Release|Any CPU
		{2F849556-44B6-484A-B612-CB0FA5D29AC6}.Release|x86.ActiveCfg = Release|Any CPU
		{2F849556-44B6-484A-B612-CB0FA5D29AC6}.Release|x86.Build.0 = Release|Any CPU
		{8D82BD38-A21D-4C16-9FB0-616B9E7BFF23}.Debug|Any CPU.ActiveCfg = Debug|Any CPU
		{8D82BD38-A21D-4C16-9FB0-616B9E7BFF23}.Debug|Any CPU.Build.0 = Debug|Any CPU
		{8D82BD38-A21D-4C16-9FB0-616B9E7BFF23}.Debug|x64.ActiveCfg = Debug|Any CPU
		{8D82BD38-A21D-4C16-9FB0-616B9E7BFF23}.Debug|x64.Build.0 = Debug|Any CPU
		{8D82BD38-A21D-4C16-9FB0-616B9E7BFF23}.Debug|x86.ActiveCfg = Debug|Any CPU
		{8D82BD38-A21D-4C16-9FB0-616B9E7BFF23}.Debug|x86.Build.0 = Debug|Any CPU
		{8D82BD38-A21D-4C16-9FB0-616B9E7BFF23}.Release|Any CPU.ActiveCfg = Release|Any CPU
		{8D82BD38-A21D-4C16-9FB0-616B9E7BFF23}.Release|Any CPU.Build.0 = Release|Any CPU
		{8D82BD38-A21D-4C16-9FB0-616B9E7BFF23}.Release|x64.ActiveCfg = Release|Any CPU
		{8D82BD38-A21D-4C16-9FB0-616B9E7BFF23}.Release|x64.Build.0 = Release|Any CPU
		{8D82BD38-A21D-4C16-9FB0-616B9E7BFF23}.Release|x86.ActiveCfg = Release|Any CPU
		{8D82BD38-A21D-4C16-9FB0-616B9E7BFF23}.Release|x86.Build.0 = Release|Any CPU
		{8EDD99D5-9FB5-40A3-BE47-B083D6DBC177}.Debug|Any CPU.ActiveCfg = Debug|Any CPU
		{8EDD99D5-9FB5-40A3-BE47-B083D6DBC177}.Debug|Any CPU.Build.0 = Debug|Any CPU
		{8EDD99D5-9FB5-40A3-BE47-B083D6DBC177}.Debug|x64.ActiveCfg = Debug|Any CPU
		{8EDD99D5-9FB5-40A3-BE47-B083D6DBC177}.Debug|x64.Build.0 = Debug|Any CPU
		{8EDD99D5-9FB5-40A3-BE47-B083D6DBC177}.Debug|x86.ActiveCfg = Debug|Any CPU
		{8EDD99D5-9FB5-40A3-BE47-B083D6DBC177}.Debug|x86.Build.0 = Debug|Any CPU
		{8EDD99D5-9FB5-40A3-BE47-B083D6DBC177}.Release|Any CPU.ActiveCfg = Release|Any CPU
		{8EDD99D5-9FB5-40A3-BE47-B083D6DBC177}.Release|Any CPU.Build.0 = Release|Any CPU
		{8EDD99D5-9FB5-40A3-BE47-B083D6DBC177}.Release|x64.ActiveCfg = Release|Any CPU
		{8EDD99D5-9FB5-40A3-BE47-B083D6DBC177}.Release|x64.Build.0 = Release|Any CPU
		{8EDD99D5-9FB5-40A3-BE47-B083D6DBC177}.Release|x86.ActiveCfg = Release|Any CPU
		{8EDD99D5-9FB5-40A3-BE47-B083D6DBC177}.Release|x86.Build.0 = Release|Any CPU
		{6C83469B-4B8A-416E-ACA7-09454D721352}.Debug|Any CPU.ActiveCfg = Debug|Any CPU
		{6C83469B-4B8A-416E-ACA7-09454D721352}.Debug|Any CPU.Build.0 = Debug|Any CPU
		{6C83469B-4B8A-416E-ACA7-09454D721352}.Debug|x64.ActiveCfg = Debug|Any CPU
		{6C83469B-4B8A-416E-ACA7-09454D721352}.Debug|x64.Build.0 = Debug|Any CPU
		{6C83469B-4B8A-416E-ACA7-09454D721352}.Debug|x86.ActiveCfg = Debug|Any CPU
		{6C83469B-4B8A-416E-ACA7-09454D721352}.Debug|x86.Build.0 = Debug|Any CPU
		{6C83469B-4B8A-416E-ACA7-09454D721352}.Release|Any CPU.ActiveCfg = Release|Any CPU
		{6C83469B-4B8A-416E-ACA7-09454D721352}.Release|Any CPU.Build.0 = Release|Any CPU
		{6C83469B-4B8A-416E-ACA7-09454D721352}.Release|x64.ActiveCfg = Release|Any CPU
		{6C83469B-4B8A-416E-ACA7-09454D721352}.Release|x64.Build.0 = Release|Any CPU
		{6C83469B-4B8A-416E-ACA7-09454D721352}.Release|x86.ActiveCfg = Release|Any CPU
		{6C83469B-4B8A-416E-ACA7-09454D721352}.Release|x86.Build.0 = Release|Any CPU
		{32A3AB42-5770-443C-A3C1-802575C4C08B}.Debug|Any CPU.ActiveCfg = Debug|Any CPU
		{32A3AB42-5770-443C-A3C1-802575C4C08B}.Debug|Any CPU.Build.0 = Debug|Any CPU
		{32A3AB42-5770-443C-A3C1-802575C4C08B}.Debug|x64.ActiveCfg = Debug|Any CPU
		{32A3AB42-5770-443C-A3C1-802575C4C08B}.Debug|x64.Build.0 = Debug|Any CPU
		{32A3AB42-5770-443C-A3C1-802575C4C08B}.Debug|x86.ActiveCfg = Debug|Any CPU
		{32A3AB42-5770-443C-A3C1-802575C4C08B}.Debug|x86.Build.0 = Debug|Any CPU
		{32A3AB42-5770-443C-A3C1-802575C4C08B}.Release|Any CPU.ActiveCfg = Release|Any CPU
		{32A3AB42-5770-443C-A3C1-802575C4C08B}.Release|Any CPU.Build.0 = Release|Any CPU
		{32A3AB42-5770-443C-A3C1-802575C4C08B}.Release|x64.ActiveCfg = Release|Any CPU
		{32A3AB42-5770-443C-A3C1-802575C4C08B}.Release|x64.Build.0 = Release|Any CPU
		{32A3AB42-5770-443C-A3C1-802575C4C08B}.Release|x86.ActiveCfg = Release|Any CPU
		{32A3AB42-5770-443C-A3C1-802575C4C08B}.Release|x86.Build.0 = Release|Any CPU
	EndGlobalSection
	GlobalSection(SolutionProperties) = preSolution
		HideSolutionNode = FALSE
	EndGlobalSection
	GlobalSection(NestedProjects) = preSolution
		{6073FCD3-5E2E-4182-B6B3-DE5E5BCBE203} = {290E4C9B-841D-4E2C-91A0-5A69BAB122F3}
		{90BC467C-39C9-4EBB-98CF-3289BC8E8A72} = {B8E99EF7-84EA-4D11-B722-9EE81B89CD86}
		{78668564-B90C-4661-A0EF-373E040F2270} = {B8E99EF7-84EA-4D11-B722-9EE81B89CD86}
		{C7CBB953-DCBB-4B15-A562-C0C4CCF93B19} = {B8E99EF7-84EA-4D11-B722-9EE81B89CD86}
		{7A429A5D-D845-42D0-A823-68E84BCC3659} = {B8E99EF7-84EA-4D11-B722-9EE81B89CD86}
		{74E3DCE4-6095-4A77-A12C-05D96840B02D} = {B8E99EF7-84EA-4D11-B722-9EE81B89CD86}
		{06B4CB86-317A-41BA-9FEB-B9346E061254} = {B8E99EF7-84EA-4D11-B722-9EE81B89CD86}
		{E1583FDB-9DC1-46E7-BB14-AFC2A7608600} = {B8E99EF7-84EA-4D11-B722-9EE81B89CD86}
		{28099DFC-8937-4508-848C-35C99E56C121} = {B8E99EF7-84EA-4D11-B722-9EE81B89CD86}
		{0BB99F0E-669F-4884-9DB1-AFA16CC9C67B} = {B8E99EF7-84EA-4D11-B722-9EE81B89CD86}
		{313B68CE-A0DB-4DE2-8359-AC777F5997FE} = {290E4C9B-841D-4E2C-91A0-5A69BAB122F3}
		{366CA24C-B546-46AD-8607-AABE4F0F4864} = {290E4C9B-841D-4E2C-91A0-5A69BAB122F3}
		{7F56994D-5310-467F-96FC-87C26F151737} = {B8E99EF7-84EA-4D11-B722-9EE81B89CD86}
		{EA930DE2-33C4-447C-9E26-31387652D408} = {B8E99EF7-84EA-4D11-B722-9EE81B89CD86}
		{5ED73EEA-4DFA-426D-82E8-AA24D3CB4C31} = {290E4C9B-841D-4E2C-91A0-5A69BAB122F3}
		{2F849556-44B6-484A-B612-CB0FA5D29AC6} = {B8E99EF7-84EA-4D11-B722-9EE81B89CD86}
		{8EDD99D5-9FB5-40A3-BE47-B083D6DBC177} = {B8E99EF7-84EA-4D11-B722-9EE81B89CD86}
		{6C83469B-4B8A-416E-ACA7-09454D721352} = {B8E99EF7-84EA-4D11-B722-9EE81B89CD86}
	EndGlobalSection
	GlobalSection(ExtensibilityGlobals) = postSolution
		SolutionGuid = {E23DC856-D033-49F6-9BC6-9F1D0ECD05CB}
	EndGlobalSection
EndGlobal
