{
  "version": 1,
  "dependencies": {
    "net8.0": {
      "Ardalis.GuardClauses": {
        "type": "Direct",
        "requested": "[4.3.0, )",
        "resolved": "4.3.0",
        "contentHash": "5KQ6zQDNRduora6L8lGQcRikLNLj0s4XjctGuUX24uBRzHMMKv6BatVDSBWRs96riz7PJj7Efn3yOFhfYXgnWg=="
      },
      "Microsoft.NET.ILLink.Tasks": {
        "type": "Direct",
        "requested": "[8.0.2, )",
        "resolved": "8.0.2",
        "contentHash": "hKTrehpfVzOhAz0mreaTAZgbz0DrMEbWq4n3hAo8Ks6WdxdqQhNPvzOqn9VygKuWf1bmxPdraqzTaXriO/sn0A=="
      },
      "System.IO.Abstractions": {
        "type": "Direct",
        "requested": "[20.0.4, )",
        "resolved": "20.0.4",
        "contentHash": "Vv3DffYCM/DEQ7+9Dn7ydq852WSVtdeoLNlztIqaMAl4o6aALyAJQRTQ30d/3D7BVf5pALsGm22HYb4Y6h8xvw==",
        "dependencies": {
          "TestableIO.System.IO.Abstractions": "20.0.4",
          "TestableIO.System.IO.Abstractions.Wrappers": "20.0.4"
        }
      },
      "TestableIO.System.IO.Abstractions": {
        "type": "Transitive",
        "resolved": "20.0.4",
        "contentHash": "zvuE3an8qmEjlz72ZKyW/gBZprR0TMTDxuw77i1OXi5wEagXRhHwP4lOaLvHIXNlwyCAmdmei6iLHsfsZcuUAA=="
      },
      "TestableIO.System.IO.Abstractions.Wrappers": {
        "type": "Transitive",
        "resolved": "20.0.4",
        "contentHash": "LbVaZauZfCkcGmHyPhQ2yiKv5GQqTvMViPYd3NjU1tGxp0N2p7Oc6Q/2trN6ZNIZCr42ujJdYUB63hE4mtsHRQ==",
        "dependencies": {
          "TestableIO.System.IO.Abstractions": "20.0.4"
        }
      }
    }
  }
}