{
  "version": 1,
  "dependencies": {
    "net8.0": {
      "Ardalis.GuardClauses": {
        "type": "Direct",
        "requested": "[4.1.1, )",
        "resolved": "4.1.1",
        "contentHash": "+UcJ2s+gf2wMNrwadCaHZV2DMcGgBU1t22A+jm40P4MHQRLy9hcleGy5xdVWd4dXZPa5Vlp4TG5xU2rhoDYrBA=="
      },
      "Microsoft.NET.ILLink.Tasks": {
        "type": "Direct",
        "requested": "[8.0.0, )",
        "resolved": "8.0.0",
        "contentHash": "B3etT5XQ2nlWkZGO2m/ytDYrOmSsQG1XNBaM6ZYlX5Ch/tDrMFadr0/mK6gjZwaQc55g+5+WZMw4Cz3m8VEF7g=="
      },
      "System.IO.Abstractions": {
        "type": "Direct",
        "requested": "[17.2.3, )",
        "resolved": "17.2.3",
        "contentHash": "VcozGeE4SxIo0cnXrDHhbrh/Gb8KQnZ3BvMelvh+iw0PrIKtuuA46U2Xm4e4pgnaWFgT4RdZfTpWl/WPRdw0WQ=="
      }
    }
  }
}