{
  "version": 1,
  "dependencies": {
    "net8.0": {
      "Ardalis.GuardClauses": {
        "type": "Direct",
        "requested": "[4.6.0, )",
        "resolved": "4.6.0",
        "contentHash": "ckLr6V8tRXHu0kGVlen70sjXkZcbe6ZFknM3UDkeNzY75kXEe4Z5xru5weMU5IEAsuuqMKvVb7ikbUZ7JcHUSQ=="
      },
      "Microsoft.NET.ILLink.Tasks": {
        "type": "Direct",
        "requested": "[8.0.14, )",
        "resolved": "8.0.14",
        "contentHash": "4U2fd7PexNKrK5ZqfqIcXZj9/lRRjFsLgA/pxuFQTuGQuLYP/+7yACz/j7EmWbEj/fspOf4mafi/vHIy/rKDzQ=="
      },
      "System.IO.Abstractions": {
        "type": "Direct",
        "requested": "[21.3.1, )",
        "resolved": "21.3.1",
        "contentHash": "Gm8HI/AHwoWd1r9IUShekWgAQjJgTM1jmrJHSkxONeuVUQAZdxSKzGYTjReBYgqLvF1Zq1Hcd1qHytrL0HuiBg==",
        "dependencies": {
          "TestableIO.System.IO.Abstractions": "21.3.1",
          "TestableIO.System.IO.Abstractions.Wrappers": "21.3.1"
        }
      },
      "TestableIO.System.IO.Abstractions": {
        "type": "Transitive",
        "resolved": "21.3.1",
        "contentHash": "B9USlBOZAiqXss7AI4BH6HVWs+HoHx38OadJjBO0VCzEWgP/u0u52bogmrzDHsyqRv8Yo/xtIMQXgpjLoaAUXw=="
      },
      "TestableIO.System.IO.Abstractions.Wrappers": {
        "type": "Transitive",
        "resolved": "21.3.1",
        "contentHash": "l/xu8G96pntsofFG8vh6BKbVbYWtqYZTpNCcj4jGNwxwSbwY2gvDmkiFmIbWf7lgzPZbopW2FAfaY6m4K/3QJw==",
        "dependencies": {
          "TestableIO.System.IO.Abstractions": "21.3.1"
        }
      }
    }
  }
}
